
Microsoft Visual Studio Solution File, Format Version 12.00
# Visual Studio 15
VisualStudioVersion = 15.0.27130.2026
MinimumVisualStudioVersion = 10.0.40219.1
Project("{2150E333-8FDC-42A3-9474-1A3956D46DE8}") = "src", "src", "{F72403D0-FC8E-461B-A4C1-10D33764B526}"
EndProject
Project("{2150E333-8FDC-42A3-9474-1A3956D46DE8}") = "test", "test", "{AF7BD2B2-8123-487D-AE0F-D257DF3BB863}"
EndProject
Project("{2150E333-8FDC-42A3-9474-1A3956D46DE8}") = "clients", "clients", "{AC32FECD-9645-4F34-B258-BA4927D11017}"
EndProject
Project("{2150E333-8FDC-42A3-9474-1A3956D46DE8}") = "services", "services", "{7D536C35-D706-4B01-A222-D69A6E35A345}"
EndProject
Project("{2150E333-8FDC-42A3-9474-1A3956D46DE8}") = "tools", "tools", "{B7B0E57A-B3F4-4AC1-985D-1B3CF43E51BE}"
EndProject
Project("{2150E333-8FDC-42A3-9474-1A3956D46DE8}") = "clients", "clients", "{CF9BFA05-27B6-4FFB-BBA9-A46364A6089B}"
EndProject
Project("{2150E333-8FDC-42A3-9474-1A3956D46DE8}") = "services", "services", "{BAF3A8C2-E464-4BE0-83C4-6FAFD843C84F}"
EndProject
Project("{2150E333-8FDC-42A3-9474-1A3956D46DE8}") = "tools", "tools", "{6C7B66AE-623D-49BC-9243-38408233FE85}"
EndProject
Project("{9A19103F-16F7-4668-BE54-9A1E7A4F7556}") = "MedEasy.DAL", "src\tools\MedEasy.DAL\MedEasy.DAL.csproj", "{0300920B-7A89-4902-A0DF-A53B02D79062}"
EndProject
Project("{9A19103F-16F7-4668-BE54-9A1E7A4F7556}") = "MedEasy.Objects", "src\tools\MedEasy.Objects\MedEasy.Objects.csproj", "{84980352-BBF3-4F08-9548-B4CCD4A6BE28}"
EndProject
Project("{9A19103F-16F7-4668-BE54-9A1E7A4F7556}") = "MedEasy.Data", "src\tools\MedEasy.Data\MedEasy.Data.csproj", "{C6926DDC-997D-465B-AE84-8FFB53450483}"
EndProject
Project("{9A19103F-16F7-4668-BE54-9A1E7A4F7556}") = "MedEasy.RestObjects", "src\tools\MedEasy.RestObjects\MedEasy.RestObjects.csproj", "{4CFD03D4-5256-4960-A0FA-E7B61F8CA118}"
EndProject
Project("{9A19103F-16F7-4668-BE54-9A1E7A4F7556}") = "MedEasy.Tools", "src\tools\MedEasy.Tools\MedEasy.Tools.csproj", "{7F7712DB-1226-49D6-926D-04C32BC2EDAF}"
EndProject
Project("{9A19103F-16F7-4668-BE54-9A1E7A4F7556}") = "MedEasy.DAL.Tests", "test\tools\MedEasy.DAL.Tests\MedEasy.DAL.Tests.csproj", "{10BA828A-077C-4277-AB0F-7A7F4339834B}"
EndProject
Project("{9A19103F-16F7-4668-BE54-9A1E7A4F7556}") = "MedEasy.Data.Tests", "test\tools\MedEasy.Data.Tests\MedEasy.Data.Tests.csproj", "{826F220F-F13E-4613-A558-DD31E05EDE9C}"
EndProject
Project("{9A19103F-16F7-4668-BE54-9A1E7A4F7556}") = "MedEasy.RestObjects.Tests", "test\tools\MedEasy.RestObjects.Tests\MedEasy.RestObjects.Tests.csproj", "{A8346D6A-689E-42C3-AAF7-85D64CAF5987}"
EndProject
Project("{9A19103F-16F7-4668-BE54-9A1E7A4F7556}") = "MedEasy.API.Tests", "test\services\MedEasy.API.Tests\MedEasy.API.Tests.csproj", "{7178F629-91B0-419D-9BB8-7339BEC908C6}"
EndProject
Project("{9A19103F-16F7-4668-BE54-9A1E7A4F7556}") = "MedEasy.Tools.Tests", "test\tools\MedEasy.Tools.Tests\MedEasy.Tools.Tests.csproj", "{EACD3699-17F7-45DB-9799-957110FB3D2E}"
EndProject
Project("{9A19103F-16F7-4668-BE54-9A1E7A4F7556}") = "MedEasy.Validators.Tests", "test\tools\MedEasy.Validators.Tests\MedEasy.Validators.Tests.csproj", "{AAB3FF36-9624-4AAC-B370-3520B0E2EF55}"
EndProject
Project("{2150E333-8FDC-42A3-9474-1A3956D46DE8}") = "Solution Items", "Solution Items", "{13AD27F4-6DD5-49DC-B614-B095002C0C19}"
	ProjectSection(SolutionItems) = preProject
		.editorconfig = .editorconfig
		.gitattributes = .gitattributes
		.gitignore = .gitignore
		global.json = global.json
	EndProjectSection
EndProject
Project("{2150E333-8FDC-42A3-9474-1A3956D46DE8}") = "Measures", "Measures", "{F9CB787E-20BB-4739-96E6-DE536FDEA168}"
EndProject
Project("{9A19103F-16F7-4668-BE54-9A1E7A4F7556}") = "MedEasy.CQRS.Core", "src\tools\MedEasy.CQRS.Core\MedEasy.CQRS.Core.csproj", "{948471D0-003D-47CB-88EE-22DEF174BD51}"
EndProject
Project("{9A19103F-16F7-4668-BE54-9A1E7A4F7556}") = "MedEasy.Web", "src\clients\MedEasy.Web\MedEasy.Web.csproj", "{91A997AC-DD01-4D54-AA65-4C43FA8EB10D}"
EndProject
Project("{9A19103F-16F7-4668-BE54-9A1E7A4F7556}") = "MedEasy.Web.Tests", "test\clients\MedEasy.Web.Tests\MedEasy.Web.Tests.csproj", "{6EAB60BA-695D-4FE1-A38F-104829439B8C}"
EndProject
Project("{9A19103F-16F7-4668-BE54-9A1E7A4F7556}") = "MedEasy.SPA", "src\clients\MedEasy.SPA\MedEasy.SPA.csproj", "{DA764E73-66AC-4DF7-9C43-16E16ADC2D5B}"
EndProject
Project("{9A19103F-16F7-4668-BE54-9A1E7A4F7556}") = "Measures.DTO", "src\services\Measures\Measures.DTO\Measures.DTO.csproj", "{0957F891-BA07-49A2-BF6A-9A18A03AA42E}"
EndProject
Project("{2150E333-8FDC-42A3-9474-1A3956D46DE8}") = "Documents", "Documents", "{B98A6C73-4DA8-44A2-B8A1-17A7EFAD74B0}"
EndProject
Project("{2150E333-8FDC-42A3-9474-1A3956D46DE8}") = "Measures", "Measures", "{28674543-8AA9-4B1A-B940-2ADAAFF5FD2B}"
EndProject
Project("{9A19103F-16F7-4668-BE54-9A1E7A4F7556}") = "Measures.API.Tests", "test\services\Measures\MedEasy.Measures.API.Tests\Measures.API.Tests.csproj", "{ECFC3942-4089-4615-867B-AB410D57E9E5}"
EndProject
Project("{2150E333-8FDC-42A3-9474-1A3956D46DE8}") = "Appointments", "Appointments", "{A6E3B758-2367-44CF-ACE1-FAD78F9FB3FC}"
EndProject
Project("{9A19103F-16F7-4668-BE54-9A1E7A4F7556}") = "Appointments.API", "src\services\Appointments.API\Appointments.API.csproj", "{AF4E5049-7054-4740-AAD0-8813BC621F16}"
EndProject
Project("{9A19103F-16F7-4668-BE54-9A1E7A4F7556}") = "MedEasy.DTO", "src\tools\MedEasy.DTO\MedEasy.DTO.csproj", "{A824CC4F-8120-4FFF-B2A7-4EF3FB1AC60D}"
EndProject
Project("{9A19103F-16F7-4668-BE54-9A1E7A4F7556}") = "Measures.Validators", "src\services\Measures\Measures.Validators\Measures.Validators.csproj", "{839AC81F-25A2-480E-9B5D-8D460CDD7A9E}"
EndProject
Project("{9A19103F-16F7-4668-BE54-9A1E7A4F7556}") = "Measures.Validators.Tests", "test\services\Measures\Measures.Validators.Tests\Measures.Validators.Tests.csproj", "{23FC1EDD-55D0-48C2-96FC-046833879802}"
EndProject
Project("{2150E333-8FDC-42A3-9474-1A3956D46DE8}") = "mobile", "mobile", "{64F424A3-0B8D-41CB-9022-A4833F8B0E91}"
EndProject
Project("{2150E333-8FDC-42A3-9474-1A3956D46DE8}") = "Patients", "Patients", "{4D9D815D-5A73-4226-95DE-1E1B03F7D35A}"
EndProject
Project("{9A19103F-16F7-4668-BE54-9A1E7A4F7556}") = "Patients.API", "src\services\Patients\Patients.API\Patients.API.csproj", "{C5A6D88F-C8F5-4D8E-BC21-A181BF094442}"
EndProject
Project("{2150E333-8FDC-42A3-9474-1A3956D46DE8}") = "Patients", "Patients", "{56F17AE0-171E-43B8-AF27-05990C0CA09E}"
EndProject
Project("{9A19103F-16F7-4668-BE54-9A1E7A4F7556}") = "Patients.API.UnitTests", "test\services\Patients\Patients.API.Tests\Patients.API.UnitTests.csproj", "{2E76B2E6-5480-4034-A467-7D445ABD2B20}"
EndProject
Project("{9A19103F-16F7-4668-BE54-9A1E7A4F7556}") = "Patients.Objects", "src\services\Patients\Patients.Objects\Patients.Objects.csproj", "{F14F8E41-CFA3-44F4-8660-B69D6BDE6B40}"
EndProject
Project("{9A19103F-16F7-4668-BE54-9A1E7A4F7556}") = "Patients.DTO", "src\services\Patients\Patients.DTO\Patients.DTO.csproj", "{A7ED6C64-5480-416F-A702-4AA559935027}"
EndProject
Project("{9A19103F-16F7-4668-BE54-9A1E7A4F7556}") = "Patients.Validators", "src\services\Patients\Patients.Validators\Patients.Validators.csproj", "{C1BD1CB2-CA95-4992-B375-56E89DB57308}"
EndProject
Project("{9A19103F-16F7-4668-BE54-9A1E7A4F7556}") = "Patients.Validators.Tests", "test\services\Patients\Patients.Validators.Tests\Patients.Validators.Tests.csproj", "{6AA6F5B1-F317-47CF-A2BE-2DA320DC210A}"
EndProject
Project("{9A19103F-16F7-4668-BE54-9A1E7A4F7556}") = "Patients.CQRS", "src\services\Patients\Patients.CQRS\Patients.CQRS.csproj", "{2AF0B42D-F080-40C7-99C9-8F8BA44A0134}"
EndProject
Project("{9A19103F-16F7-4668-BE54-9A1E7A4F7556}") = "MedEasy.Handlers.Core", "src\tools\MedEasy.Handlers.Core\MedEasy.Handlers.Core.csproj", "{EDAD01BC-236B-43C7-BB55-517CA536298A}"
EndProject
Project("{9A19103F-16F7-4668-BE54-9A1E7A4F7556}") = "MedEasy.Validators", "src\tools\MedEasy.Validators\MedEasy.Validators.csproj", "{12283B97-DB5F-41C2-83BA-EF3340A63CD9}"
EndProject
Project("{9A19103F-16F7-4668-BE54-9A1E7A4F7556}") = "MedEasy.CQRS.Core.Tests", "test\tools\MedEasy.CQRS.Core.Tests\MedEasy.CQRS.Core.Tests.csproj", "{7A282CCE-DDAE-4887-B266-6FEFCE55606F}"
EndProject
Project("{9A19103F-16F7-4668-BE54-9A1E7A4F7556}") = "Measures.Objects", "src\services\Measures\Measures.Objects\Measures.Objects.csproj", "{8FDC58FA-23FD-41E1-936F-1F77712BCCBB}"
EndProject
Project("{9A19103F-16F7-4668-BE54-9A1E7A4F7556}") = "Measures.API", "src\services\Measures\Measures.API\Measures.API.csproj", "{38B7AE7F-24BC-4551-806F-E0926D9067ED}"
EndProject
Project("{9A19103F-16F7-4668-BE54-9A1E7A4F7556}") = "Measures.API.IntegrationTests", "test\services\measures\Measures.API.IntegrationTests\Measures.API.IntegrationTests.csproj", "{4A6E7AD4-0055-4D13-8A89-EDBB900A2C21}"
EndProject
Project("{9A19103F-16F7-4668-BE54-9A1E7A4F7556}") = "MedEasy.IntegrationTests.Core", "test\services\MedEasy.IntegrationTests.Core\MedEasy.IntegrationTests.Core.csproj", "{09E692D0-7663-4205-95D5-AC7E5E5D1649}"
EndProject
Project("{9A19103F-16F7-4668-BE54-9A1E7A4F7556}") = "MedEasy.Core", "src\Core\MedEasy.Core\MedEasy.Core.csproj", "{C08AF059-B0A2-4B25-B35A-02C4095BB664}"
EndProject
Global
	GlobalSection(SolutionConfigurationPlatforms) = preSolution
		Ad-Hoc|Any CPU = Ad-Hoc|Any CPU
		Ad-Hoc|iPhone = Ad-Hoc|iPhone
		Ad-Hoc|iPhoneSimulator = Ad-Hoc|iPhoneSimulator
		AppStore|Any CPU = AppStore|Any CPU
		AppStore|iPhone = AppStore|iPhone
		AppStore|iPhoneSimulator = AppStore|iPhoneSimulator
		Debug|Any CPU = Debug|Any CPU
		Debug|iPhone = Debug|iPhone
		Debug|iPhoneSimulator = Debug|iPhoneSimulator
		Release|Any CPU = Release|Any CPU
		Release|iPhone = Release|iPhone
		Release|iPhoneSimulator = Release|iPhoneSimulator
	EndGlobalSection
	GlobalSection(ProjectConfigurationPlatforms) = postSolution
		{0300920B-7A89-4902-A0DF-A53B02D79062}.Ad-Hoc|Any CPU.ActiveCfg = Release|Any CPU
		{0300920B-7A89-4902-A0DF-A53B02D79062}.Ad-Hoc|Any CPU.Build.0 = Release|Any CPU
		{0300920B-7A89-4902-A0DF-A53B02D79062}.Ad-Hoc|iPhone.ActiveCfg = Release|Any CPU
		{0300920B-7A89-4902-A0DF-A53B02D79062}.Ad-Hoc|iPhone.Build.0 = Release|Any CPU
		{0300920B-7A89-4902-A0DF-A53B02D79062}.Ad-Hoc|iPhoneSimulator.ActiveCfg = Release|Any CPU
		{0300920B-7A89-4902-A0DF-A53B02D79062}.Ad-Hoc|iPhoneSimulator.Build.0 = Release|Any CPU
		{0300920B-7A89-4902-A0DF-A53B02D79062}.AppStore|Any CPU.ActiveCfg = Release|Any CPU
		{0300920B-7A89-4902-A0DF-A53B02D79062}.AppStore|Any CPU.Build.0 = Release|Any CPU
		{0300920B-7A89-4902-A0DF-A53B02D79062}.AppStore|iPhone.ActiveCfg = Release|Any CPU
		{0300920B-7A89-4902-A0DF-A53B02D79062}.AppStore|iPhone.Build.0 = Release|Any CPU
		{0300920B-7A89-4902-A0DF-A53B02D79062}.AppStore|iPhoneSimulator.ActiveCfg = Release|Any CPU
		{0300920B-7A89-4902-A0DF-A53B02D79062}.AppStore|iPhoneSimulator.Build.0 = Release|Any CPU
		{0300920B-7A89-4902-A0DF-A53B02D79062}.Debug|Any CPU.ActiveCfg = Debug|Any CPU
		{0300920B-7A89-4902-A0DF-A53B02D79062}.Debug|Any CPU.Build.0 = Debug|Any CPU
		{0300920B-7A89-4902-A0DF-A53B02D79062}.Debug|iPhone.ActiveCfg = Debug|Any CPU
		{0300920B-7A89-4902-A0DF-A53B02D79062}.Debug|iPhone.Build.0 = Debug|Any CPU
		{0300920B-7A89-4902-A0DF-A53B02D79062}.Debug|iPhoneSimulator.ActiveCfg = Debug|Any CPU
		{0300920B-7A89-4902-A0DF-A53B02D79062}.Debug|iPhoneSimulator.Build.0 = Debug|Any CPU
		{0300920B-7A89-4902-A0DF-A53B02D79062}.Release|Any CPU.ActiveCfg = Release|Any CPU
		{0300920B-7A89-4902-A0DF-A53B02D79062}.Release|Any CPU.Build.0 = Release|Any CPU
		{0300920B-7A89-4902-A0DF-A53B02D79062}.Release|iPhone.ActiveCfg = Release|Any CPU
		{0300920B-7A89-4902-A0DF-A53B02D79062}.Release|iPhone.Build.0 = Release|Any CPU
		{0300920B-7A89-4902-A0DF-A53B02D79062}.Release|iPhoneSimulator.ActiveCfg = Release|Any CPU
		{0300920B-7A89-4902-A0DF-A53B02D79062}.Release|iPhoneSimulator.Build.0 = Release|Any CPU
		{84980352-BBF3-4F08-9548-B4CCD4A6BE28}.Ad-Hoc|Any CPU.ActiveCfg = Release|Any CPU
		{84980352-BBF3-4F08-9548-B4CCD4A6BE28}.Ad-Hoc|Any CPU.Build.0 = Release|Any CPU
		{84980352-BBF3-4F08-9548-B4CCD4A6BE28}.Ad-Hoc|iPhone.ActiveCfg = Release|Any CPU
		{84980352-BBF3-4F08-9548-B4CCD4A6BE28}.Ad-Hoc|iPhone.Build.0 = Release|Any CPU
		{84980352-BBF3-4F08-9548-B4CCD4A6BE28}.Ad-Hoc|iPhoneSimulator.ActiveCfg = Release|Any CPU
		{84980352-BBF3-4F08-9548-B4CCD4A6BE28}.Ad-Hoc|iPhoneSimulator.Build.0 = Release|Any CPU
		{84980352-BBF3-4F08-9548-B4CCD4A6BE28}.AppStore|Any CPU.ActiveCfg = Release|Any CPU
		{84980352-BBF3-4F08-9548-B4CCD4A6BE28}.AppStore|Any CPU.Build.0 = Release|Any CPU
		{84980352-BBF3-4F08-9548-B4CCD4A6BE28}.AppStore|iPhone.ActiveCfg = Release|Any CPU
		{84980352-BBF3-4F08-9548-B4CCD4A6BE28}.AppStore|iPhone.Build.0 = Release|Any CPU
		{84980352-BBF3-4F08-9548-B4CCD4A6BE28}.AppStore|iPhoneSimulator.ActiveCfg = Release|Any CPU
		{84980352-BBF3-4F08-9548-B4CCD4A6BE28}.AppStore|iPhoneSimulator.Build.0 = Release|Any CPU
		{84980352-BBF3-4F08-9548-B4CCD4A6BE28}.Debug|Any CPU.ActiveCfg = Debug|Any CPU
		{84980352-BBF3-4F08-9548-B4CCD4A6BE28}.Debug|Any CPU.Build.0 = Debug|Any CPU
		{84980352-BBF3-4F08-9548-B4CCD4A6BE28}.Debug|iPhone.ActiveCfg = Debug|Any CPU
		{84980352-BBF3-4F08-9548-B4CCD4A6BE28}.Debug|iPhone.Build.0 = Debug|Any CPU
		{84980352-BBF3-4F08-9548-B4CCD4A6BE28}.Debug|iPhoneSimulator.ActiveCfg = Debug|Any CPU
		{84980352-BBF3-4F08-9548-B4CCD4A6BE28}.Debug|iPhoneSimulator.Build.0 = Debug|Any CPU
		{84980352-BBF3-4F08-9548-B4CCD4A6BE28}.Release|Any CPU.ActiveCfg = Release|Any CPU
		{84980352-BBF3-4F08-9548-B4CCD4A6BE28}.Release|Any CPU.Build.0 = Release|Any CPU
		{84980352-BBF3-4F08-9548-B4CCD4A6BE28}.Release|iPhone.ActiveCfg = Release|Any CPU
		{84980352-BBF3-4F08-9548-B4CCD4A6BE28}.Release|iPhone.Build.0 = Release|Any CPU
		{84980352-BBF3-4F08-9548-B4CCD4A6BE28}.Release|iPhoneSimulator.ActiveCfg = Release|Any CPU
		{84980352-BBF3-4F08-9548-B4CCD4A6BE28}.Release|iPhoneSimulator.Build.0 = Release|Any CPU
		{C6926DDC-997D-465B-AE84-8FFB53450483}.Ad-Hoc|Any CPU.ActiveCfg = Release|Any CPU
		{C6926DDC-997D-465B-AE84-8FFB53450483}.Ad-Hoc|Any CPU.Build.0 = Release|Any CPU
		{C6926DDC-997D-465B-AE84-8FFB53450483}.Ad-Hoc|iPhone.ActiveCfg = Release|Any CPU
		{C6926DDC-997D-465B-AE84-8FFB53450483}.Ad-Hoc|iPhone.Build.0 = Release|Any CPU
		{C6926DDC-997D-465B-AE84-8FFB53450483}.Ad-Hoc|iPhoneSimulator.ActiveCfg = Release|Any CPU
		{C6926DDC-997D-465B-AE84-8FFB53450483}.Ad-Hoc|iPhoneSimulator.Build.0 = Release|Any CPU
		{C6926DDC-997D-465B-AE84-8FFB53450483}.AppStore|Any CPU.ActiveCfg = Release|Any CPU
		{C6926DDC-997D-465B-AE84-8FFB53450483}.AppStore|Any CPU.Build.0 = Release|Any CPU
		{C6926DDC-997D-465B-AE84-8FFB53450483}.AppStore|iPhone.ActiveCfg = Release|Any CPU
		{C6926DDC-997D-465B-AE84-8FFB53450483}.AppStore|iPhone.Build.0 = Release|Any CPU
		{C6926DDC-997D-465B-AE84-8FFB53450483}.AppStore|iPhoneSimulator.ActiveCfg = Release|Any CPU
		{C6926DDC-997D-465B-AE84-8FFB53450483}.AppStore|iPhoneSimulator.Build.0 = Release|Any CPU
		{C6926DDC-997D-465B-AE84-8FFB53450483}.Debug|Any CPU.ActiveCfg = Debug|Any CPU
		{C6926DDC-997D-465B-AE84-8FFB53450483}.Debug|Any CPU.Build.0 = Debug|Any CPU
		{C6926DDC-997D-465B-AE84-8FFB53450483}.Debug|iPhone.ActiveCfg = Debug|Any CPU
		{C6926DDC-997D-465B-AE84-8FFB53450483}.Debug|iPhone.Build.0 = Debug|Any CPU
		{C6926DDC-997D-465B-AE84-8FFB53450483}.Debug|iPhoneSimulator.ActiveCfg = Debug|Any CPU
		{C6926DDC-997D-465B-AE84-8FFB53450483}.Debug|iPhoneSimulator.Build.0 = Debug|Any CPU
		{C6926DDC-997D-465B-AE84-8FFB53450483}.Release|Any CPU.ActiveCfg = Release|Any CPU
		{C6926DDC-997D-465B-AE84-8FFB53450483}.Release|Any CPU.Build.0 = Release|Any CPU
		{C6926DDC-997D-465B-AE84-8FFB53450483}.Release|iPhone.ActiveCfg = Release|Any CPU
		{C6926DDC-997D-465B-AE84-8FFB53450483}.Release|iPhone.Build.0 = Release|Any CPU
		{C6926DDC-997D-465B-AE84-8FFB53450483}.Release|iPhoneSimulator.ActiveCfg = Release|Any CPU
		{C6926DDC-997D-465B-AE84-8FFB53450483}.Release|iPhoneSimulator.Build.0 = Release|Any CPU
		{4CFD03D4-5256-4960-A0FA-E7B61F8CA118}.Ad-Hoc|Any CPU.ActiveCfg = Release|Any CPU
		{4CFD03D4-5256-4960-A0FA-E7B61F8CA118}.Ad-Hoc|Any CPU.Build.0 = Release|Any CPU
		{4CFD03D4-5256-4960-A0FA-E7B61F8CA118}.Ad-Hoc|iPhone.ActiveCfg = Release|Any CPU
		{4CFD03D4-5256-4960-A0FA-E7B61F8CA118}.Ad-Hoc|iPhone.Build.0 = Release|Any CPU
		{4CFD03D4-5256-4960-A0FA-E7B61F8CA118}.Ad-Hoc|iPhoneSimulator.ActiveCfg = Release|Any CPU
		{4CFD03D4-5256-4960-A0FA-E7B61F8CA118}.Ad-Hoc|iPhoneSimulator.Build.0 = Release|Any CPU
		{4CFD03D4-5256-4960-A0FA-E7B61F8CA118}.AppStore|Any CPU.ActiveCfg = Release|Any CPU
		{4CFD03D4-5256-4960-A0FA-E7B61F8CA118}.AppStore|Any CPU.Build.0 = Release|Any CPU
		{4CFD03D4-5256-4960-A0FA-E7B61F8CA118}.AppStore|iPhone.ActiveCfg = Release|Any CPU
		{4CFD03D4-5256-4960-A0FA-E7B61F8CA118}.AppStore|iPhone.Build.0 = Release|Any CPU
		{4CFD03D4-5256-4960-A0FA-E7B61F8CA118}.AppStore|iPhoneSimulator.ActiveCfg = Release|Any CPU
		{4CFD03D4-5256-4960-A0FA-E7B61F8CA118}.AppStore|iPhoneSimulator.Build.0 = Release|Any CPU
		{4CFD03D4-5256-4960-A0FA-E7B61F8CA118}.Debug|Any CPU.ActiveCfg = Debug|Any CPU
		{4CFD03D4-5256-4960-A0FA-E7B61F8CA118}.Debug|Any CPU.Build.0 = Debug|Any CPU
		{4CFD03D4-5256-4960-A0FA-E7B61F8CA118}.Debug|iPhone.ActiveCfg = Debug|Any CPU
		{4CFD03D4-5256-4960-A0FA-E7B61F8CA118}.Debug|iPhone.Build.0 = Debug|Any CPU
		{4CFD03D4-5256-4960-A0FA-E7B61F8CA118}.Debug|iPhoneSimulator.ActiveCfg = Debug|Any CPU
		{4CFD03D4-5256-4960-A0FA-E7B61F8CA118}.Debug|iPhoneSimulator.Build.0 = Debug|Any CPU
		{4CFD03D4-5256-4960-A0FA-E7B61F8CA118}.Release|Any CPU.ActiveCfg = Release|Any CPU
		{4CFD03D4-5256-4960-A0FA-E7B61F8CA118}.Release|Any CPU.Build.0 = Release|Any CPU
		{4CFD03D4-5256-4960-A0FA-E7B61F8CA118}.Release|iPhone.ActiveCfg = Release|Any CPU
		{4CFD03D4-5256-4960-A0FA-E7B61F8CA118}.Release|iPhone.Build.0 = Release|Any CPU
		{4CFD03D4-5256-4960-A0FA-E7B61F8CA118}.Release|iPhoneSimulator.ActiveCfg = Release|Any CPU
		{4CFD03D4-5256-4960-A0FA-E7B61F8CA118}.Release|iPhoneSimulator.Build.0 = Release|Any CPU
		{7F7712DB-1226-49D6-926D-04C32BC2EDAF}.Ad-Hoc|Any CPU.ActiveCfg = Release|Any CPU
		{7F7712DB-1226-49D6-926D-04C32BC2EDAF}.Ad-Hoc|Any CPU.Build.0 = Release|Any CPU
		{7F7712DB-1226-49D6-926D-04C32BC2EDAF}.Ad-Hoc|iPhone.ActiveCfg = Release|Any CPU
		{7F7712DB-1226-49D6-926D-04C32BC2EDAF}.Ad-Hoc|iPhone.Build.0 = Release|Any CPU
		{7F7712DB-1226-49D6-926D-04C32BC2EDAF}.Ad-Hoc|iPhoneSimulator.ActiveCfg = Release|Any CPU
		{7F7712DB-1226-49D6-926D-04C32BC2EDAF}.Ad-Hoc|iPhoneSimulator.Build.0 = Release|Any CPU
		{7F7712DB-1226-49D6-926D-04C32BC2EDAF}.AppStore|Any CPU.ActiveCfg = Release|Any CPU
		{7F7712DB-1226-49D6-926D-04C32BC2EDAF}.AppStore|Any CPU.Build.0 = Release|Any CPU
		{7F7712DB-1226-49D6-926D-04C32BC2EDAF}.AppStore|iPhone.ActiveCfg = Release|Any CPU
		{7F7712DB-1226-49D6-926D-04C32BC2EDAF}.AppStore|iPhone.Build.0 = Release|Any CPU
		{7F7712DB-1226-49D6-926D-04C32BC2EDAF}.AppStore|iPhoneSimulator.ActiveCfg = Release|Any CPU
		{7F7712DB-1226-49D6-926D-04C32BC2EDAF}.AppStore|iPhoneSimulator.Build.0 = Release|Any CPU
		{7F7712DB-1226-49D6-926D-04C32BC2EDAF}.Debug|Any CPU.ActiveCfg = Debug|Any CPU
		{7F7712DB-1226-49D6-926D-04C32BC2EDAF}.Debug|Any CPU.Build.0 = Debug|Any CPU
		{7F7712DB-1226-49D6-926D-04C32BC2EDAF}.Debug|iPhone.ActiveCfg = Debug|Any CPU
		{7F7712DB-1226-49D6-926D-04C32BC2EDAF}.Debug|iPhone.Build.0 = Debug|Any CPU
		{7F7712DB-1226-49D6-926D-04C32BC2EDAF}.Debug|iPhoneSimulator.ActiveCfg = Debug|Any CPU
		{7F7712DB-1226-49D6-926D-04C32BC2EDAF}.Debug|iPhoneSimulator.Build.0 = Debug|Any CPU
		{7F7712DB-1226-49D6-926D-04C32BC2EDAF}.Release|Any CPU.ActiveCfg = Release|Any CPU
		{7F7712DB-1226-49D6-926D-04C32BC2EDAF}.Release|Any CPU.Build.0 = Release|Any CPU
		{7F7712DB-1226-49D6-926D-04C32BC2EDAF}.Release|iPhone.ActiveCfg = Release|Any CPU
		{7F7712DB-1226-49D6-926D-04C32BC2EDAF}.Release|iPhone.Build.0 = Release|Any CPU
		{7F7712DB-1226-49D6-926D-04C32BC2EDAF}.Release|iPhoneSimulator.ActiveCfg = Release|Any CPU
		{7F7712DB-1226-49D6-926D-04C32BC2EDAF}.Release|iPhoneSimulator.Build.0 = Release|Any CPU
		{10BA828A-077C-4277-AB0F-7A7F4339834B}.Ad-Hoc|Any CPU.ActiveCfg = Release|Any CPU
		{10BA828A-077C-4277-AB0F-7A7F4339834B}.Ad-Hoc|Any CPU.Build.0 = Release|Any CPU
		{10BA828A-077C-4277-AB0F-7A7F4339834B}.Ad-Hoc|iPhone.ActiveCfg = Release|Any CPU
		{10BA828A-077C-4277-AB0F-7A7F4339834B}.Ad-Hoc|iPhone.Build.0 = Release|Any CPU
		{10BA828A-077C-4277-AB0F-7A7F4339834B}.Ad-Hoc|iPhoneSimulator.ActiveCfg = Release|Any CPU
		{10BA828A-077C-4277-AB0F-7A7F4339834B}.Ad-Hoc|iPhoneSimulator.Build.0 = Release|Any CPU
		{10BA828A-077C-4277-AB0F-7A7F4339834B}.AppStore|Any CPU.ActiveCfg = Release|Any CPU
		{10BA828A-077C-4277-AB0F-7A7F4339834B}.AppStore|Any CPU.Build.0 = Release|Any CPU
		{10BA828A-077C-4277-AB0F-7A7F4339834B}.AppStore|iPhone.ActiveCfg = Release|Any CPU
		{10BA828A-077C-4277-AB0F-7A7F4339834B}.AppStore|iPhone.Build.0 = Release|Any CPU
		{10BA828A-077C-4277-AB0F-7A7F4339834B}.AppStore|iPhoneSimulator.ActiveCfg = Release|Any CPU
		{10BA828A-077C-4277-AB0F-7A7F4339834B}.AppStore|iPhoneSimulator.Build.0 = Release|Any CPU
		{10BA828A-077C-4277-AB0F-7A7F4339834B}.Debug|Any CPU.ActiveCfg = Debug|Any CPU
		{10BA828A-077C-4277-AB0F-7A7F4339834B}.Debug|Any CPU.Build.0 = Debug|Any CPU
		{10BA828A-077C-4277-AB0F-7A7F4339834B}.Debug|iPhone.ActiveCfg = Debug|Any CPU
		{10BA828A-077C-4277-AB0F-7A7F4339834B}.Debug|iPhone.Build.0 = Debug|Any CPU
		{10BA828A-077C-4277-AB0F-7A7F4339834B}.Debug|iPhoneSimulator.ActiveCfg = Debug|Any CPU
		{10BA828A-077C-4277-AB0F-7A7F4339834B}.Debug|iPhoneSimulator.Build.0 = Debug|Any CPU
		{10BA828A-077C-4277-AB0F-7A7F4339834B}.Release|Any CPU.ActiveCfg = Release|Any CPU
		{10BA828A-077C-4277-AB0F-7A7F4339834B}.Release|Any CPU.Build.0 = Release|Any CPU
		{10BA828A-077C-4277-AB0F-7A7F4339834B}.Release|iPhone.ActiveCfg = Release|Any CPU
		{10BA828A-077C-4277-AB0F-7A7F4339834B}.Release|iPhone.Build.0 = Release|Any CPU
		{10BA828A-077C-4277-AB0F-7A7F4339834B}.Release|iPhoneSimulator.ActiveCfg = Release|Any CPU
		{10BA828A-077C-4277-AB0F-7A7F4339834B}.Release|iPhoneSimulator.Build.0 = Release|Any CPU
		{826F220F-F13E-4613-A558-DD31E05EDE9C}.Ad-Hoc|Any CPU.ActiveCfg = Release|Any CPU
		{826F220F-F13E-4613-A558-DD31E05EDE9C}.Ad-Hoc|Any CPU.Build.0 = Release|Any CPU
		{826F220F-F13E-4613-A558-DD31E05EDE9C}.Ad-Hoc|iPhone.ActiveCfg = Release|Any CPU
		{826F220F-F13E-4613-A558-DD31E05EDE9C}.Ad-Hoc|iPhone.Build.0 = Release|Any CPU
		{826F220F-F13E-4613-A558-DD31E05EDE9C}.Ad-Hoc|iPhoneSimulator.ActiveCfg = Release|Any CPU
		{826F220F-F13E-4613-A558-DD31E05EDE9C}.Ad-Hoc|iPhoneSimulator.Build.0 = Release|Any CPU
		{826F220F-F13E-4613-A558-DD31E05EDE9C}.AppStore|Any CPU.ActiveCfg = Release|Any CPU
		{826F220F-F13E-4613-A558-DD31E05EDE9C}.AppStore|Any CPU.Build.0 = Release|Any CPU
		{826F220F-F13E-4613-A558-DD31E05EDE9C}.AppStore|iPhone.ActiveCfg = Release|Any CPU
		{826F220F-F13E-4613-A558-DD31E05EDE9C}.AppStore|iPhone.Build.0 = Release|Any CPU
		{826F220F-F13E-4613-A558-DD31E05EDE9C}.AppStore|iPhoneSimulator.ActiveCfg = Release|Any CPU
		{826F220F-F13E-4613-A558-DD31E05EDE9C}.AppStore|iPhoneSimulator.Build.0 = Release|Any CPU
		{826F220F-F13E-4613-A558-DD31E05EDE9C}.Debug|Any CPU.ActiveCfg = Debug|Any CPU
		{826F220F-F13E-4613-A558-DD31E05EDE9C}.Debug|Any CPU.Build.0 = Debug|Any CPU
		{826F220F-F13E-4613-A558-DD31E05EDE9C}.Debug|iPhone.ActiveCfg = Debug|Any CPU
		{826F220F-F13E-4613-A558-DD31E05EDE9C}.Debug|iPhone.Build.0 = Debug|Any CPU
		{826F220F-F13E-4613-A558-DD31E05EDE9C}.Debug|iPhoneSimulator.ActiveCfg = Debug|Any CPU
		{826F220F-F13E-4613-A558-DD31E05EDE9C}.Debug|iPhoneSimulator.Build.0 = Debug|Any CPU
		{826F220F-F13E-4613-A558-DD31E05EDE9C}.Release|Any CPU.ActiveCfg = Release|Any CPU
		{826F220F-F13E-4613-A558-DD31E05EDE9C}.Release|Any CPU.Build.0 = Release|Any CPU
		{826F220F-F13E-4613-A558-DD31E05EDE9C}.Release|iPhone.ActiveCfg = Release|Any CPU
		{826F220F-F13E-4613-A558-DD31E05EDE9C}.Release|iPhone.Build.0 = Release|Any CPU
		{826F220F-F13E-4613-A558-DD31E05EDE9C}.Release|iPhoneSimulator.ActiveCfg = Release|Any CPU
		{826F220F-F13E-4613-A558-DD31E05EDE9C}.Release|iPhoneSimulator.Build.0 = Release|Any CPU
		{A8346D6A-689E-42C3-AAF7-85D64CAF5987}.Ad-Hoc|Any CPU.ActiveCfg = Release|Any CPU
		{A8346D6A-689E-42C3-AAF7-85D64CAF5987}.Ad-Hoc|Any CPU.Build.0 = Release|Any CPU
		{A8346D6A-689E-42C3-AAF7-85D64CAF5987}.Ad-Hoc|iPhone.ActiveCfg = Release|Any CPU
		{A8346D6A-689E-42C3-AAF7-85D64CAF5987}.Ad-Hoc|iPhone.Build.0 = Release|Any CPU
		{A8346D6A-689E-42C3-AAF7-85D64CAF5987}.Ad-Hoc|iPhoneSimulator.ActiveCfg = Release|Any CPU
		{A8346D6A-689E-42C3-AAF7-85D64CAF5987}.Ad-Hoc|iPhoneSimulator.Build.0 = Release|Any CPU
		{A8346D6A-689E-42C3-AAF7-85D64CAF5987}.AppStore|Any CPU.ActiveCfg = Release|Any CPU
		{A8346D6A-689E-42C3-AAF7-85D64CAF5987}.AppStore|Any CPU.Build.0 = Release|Any CPU
		{A8346D6A-689E-42C3-AAF7-85D64CAF5987}.AppStore|iPhone.ActiveCfg = Release|Any CPU
		{A8346D6A-689E-42C3-AAF7-85D64CAF5987}.AppStore|iPhone.Build.0 = Release|Any CPU
		{A8346D6A-689E-42C3-AAF7-85D64CAF5987}.AppStore|iPhoneSimulator.ActiveCfg = Release|Any CPU
		{A8346D6A-689E-42C3-AAF7-85D64CAF5987}.AppStore|iPhoneSimulator.Build.0 = Release|Any CPU
		{A8346D6A-689E-42C3-AAF7-85D64CAF5987}.Debug|Any CPU.ActiveCfg = Debug|Any CPU
		{A8346D6A-689E-42C3-AAF7-85D64CAF5987}.Debug|Any CPU.Build.0 = Debug|Any CPU
		{A8346D6A-689E-42C3-AAF7-85D64CAF5987}.Debug|iPhone.ActiveCfg = Debug|Any CPU
		{A8346D6A-689E-42C3-AAF7-85D64CAF5987}.Debug|iPhone.Build.0 = Debug|Any CPU
		{A8346D6A-689E-42C3-AAF7-85D64CAF5987}.Debug|iPhoneSimulator.ActiveCfg = Debug|Any CPU
		{A8346D6A-689E-42C3-AAF7-85D64CAF5987}.Debug|iPhoneSimulator.Build.0 = Debug|Any CPU
		{A8346D6A-689E-42C3-AAF7-85D64CAF5987}.Release|Any CPU.ActiveCfg = Release|Any CPU
		{A8346D6A-689E-42C3-AAF7-85D64CAF5987}.Release|Any CPU.Build.0 = Release|Any CPU
		{A8346D6A-689E-42C3-AAF7-85D64CAF5987}.Release|iPhone.ActiveCfg = Release|Any CPU
		{A8346D6A-689E-42C3-AAF7-85D64CAF5987}.Release|iPhone.Build.0 = Release|Any CPU
		{A8346D6A-689E-42C3-AAF7-85D64CAF5987}.Release|iPhoneSimulator.ActiveCfg = Release|Any CPU
		{A8346D6A-689E-42C3-AAF7-85D64CAF5987}.Release|iPhoneSimulator.Build.0 = Release|Any CPU
		{7178F629-91B0-419D-9BB8-7339BEC908C6}.Ad-Hoc|Any CPU.ActiveCfg = Release|Any CPU
		{7178F629-91B0-419D-9BB8-7339BEC908C6}.Ad-Hoc|Any CPU.Build.0 = Release|Any CPU
		{7178F629-91B0-419D-9BB8-7339BEC908C6}.Ad-Hoc|iPhone.ActiveCfg = Release|Any CPU
		{7178F629-91B0-419D-9BB8-7339BEC908C6}.Ad-Hoc|iPhone.Build.0 = Release|Any CPU
		{7178F629-91B0-419D-9BB8-7339BEC908C6}.Ad-Hoc|iPhoneSimulator.ActiveCfg = Release|Any CPU
		{7178F629-91B0-419D-9BB8-7339BEC908C6}.Ad-Hoc|iPhoneSimulator.Build.0 = Release|Any CPU
		{7178F629-91B0-419D-9BB8-7339BEC908C6}.AppStore|Any CPU.ActiveCfg = Release|Any CPU
		{7178F629-91B0-419D-9BB8-7339BEC908C6}.AppStore|Any CPU.Build.0 = Release|Any CPU
		{7178F629-91B0-419D-9BB8-7339BEC908C6}.AppStore|iPhone.ActiveCfg = Release|Any CPU
		{7178F629-91B0-419D-9BB8-7339BEC908C6}.AppStore|iPhone.Build.0 = Release|Any CPU
		{7178F629-91B0-419D-9BB8-7339BEC908C6}.AppStore|iPhoneSimulator.ActiveCfg = Release|Any CPU
		{7178F629-91B0-419D-9BB8-7339BEC908C6}.AppStore|iPhoneSimulator.Build.0 = Release|Any CPU
		{7178F629-91B0-419D-9BB8-7339BEC908C6}.Debug|Any CPU.ActiveCfg = Debug|Any CPU
		{7178F629-91B0-419D-9BB8-7339BEC908C6}.Debug|Any CPU.Build.0 = Debug|Any CPU
		{7178F629-91B0-419D-9BB8-7339BEC908C6}.Debug|iPhone.ActiveCfg = Debug|Any CPU
		{7178F629-91B0-419D-9BB8-7339BEC908C6}.Debug|iPhone.Build.0 = Debug|Any CPU
		{7178F629-91B0-419D-9BB8-7339BEC908C6}.Debug|iPhoneSimulator.ActiveCfg = Debug|Any CPU
		{7178F629-91B0-419D-9BB8-7339BEC908C6}.Debug|iPhoneSimulator.Build.0 = Debug|Any CPU
		{7178F629-91B0-419D-9BB8-7339BEC908C6}.Release|Any CPU.ActiveCfg = Release|Any CPU
		{7178F629-91B0-419D-9BB8-7339BEC908C6}.Release|Any CPU.Build.0 = Release|Any CPU
		{7178F629-91B0-419D-9BB8-7339BEC908C6}.Release|iPhone.ActiveCfg = Release|Any CPU
		{7178F629-91B0-419D-9BB8-7339BEC908C6}.Release|iPhone.Build.0 = Release|Any CPU
		{7178F629-91B0-419D-9BB8-7339BEC908C6}.Release|iPhoneSimulator.ActiveCfg = Release|Any CPU
		{7178F629-91B0-419D-9BB8-7339BEC908C6}.Release|iPhoneSimulator.Build.0 = Release|Any CPU
		{EACD3699-17F7-45DB-9799-957110FB3D2E}.Ad-Hoc|Any CPU.ActiveCfg = Release|Any CPU
		{EACD3699-17F7-45DB-9799-957110FB3D2E}.Ad-Hoc|Any CPU.Build.0 = Release|Any CPU
		{EACD3699-17F7-45DB-9799-957110FB3D2E}.Ad-Hoc|iPhone.ActiveCfg = Release|Any CPU
		{EACD3699-17F7-45DB-9799-957110FB3D2E}.Ad-Hoc|iPhone.Build.0 = Release|Any CPU
		{EACD3699-17F7-45DB-9799-957110FB3D2E}.Ad-Hoc|iPhoneSimulator.ActiveCfg = Release|Any CPU
		{EACD3699-17F7-45DB-9799-957110FB3D2E}.Ad-Hoc|iPhoneSimulator.Build.0 = Release|Any CPU
		{EACD3699-17F7-45DB-9799-957110FB3D2E}.AppStore|Any CPU.ActiveCfg = Release|Any CPU
		{EACD3699-17F7-45DB-9799-957110FB3D2E}.AppStore|Any CPU.Build.0 = Release|Any CPU
		{EACD3699-17F7-45DB-9799-957110FB3D2E}.AppStore|iPhone.ActiveCfg = Release|Any CPU
		{EACD3699-17F7-45DB-9799-957110FB3D2E}.AppStore|iPhone.Build.0 = Release|Any CPU
		{EACD3699-17F7-45DB-9799-957110FB3D2E}.AppStore|iPhoneSimulator.ActiveCfg = Release|Any CPU
		{EACD3699-17F7-45DB-9799-957110FB3D2E}.AppStore|iPhoneSimulator.Build.0 = Release|Any CPU
		{EACD3699-17F7-45DB-9799-957110FB3D2E}.Debug|Any CPU.ActiveCfg = Debug|Any CPU
		{EACD3699-17F7-45DB-9799-957110FB3D2E}.Debug|Any CPU.Build.0 = Debug|Any CPU
		{EACD3699-17F7-45DB-9799-957110FB3D2E}.Debug|iPhone.ActiveCfg = Debug|Any CPU
		{EACD3699-17F7-45DB-9799-957110FB3D2E}.Debug|iPhone.Build.0 = Debug|Any CPU
		{EACD3699-17F7-45DB-9799-957110FB3D2E}.Debug|iPhoneSimulator.ActiveCfg = Debug|Any CPU
		{EACD3699-17F7-45DB-9799-957110FB3D2E}.Debug|iPhoneSimulator.Build.0 = Debug|Any CPU
		{EACD3699-17F7-45DB-9799-957110FB3D2E}.Release|Any CPU.ActiveCfg = Release|Any CPU
		{EACD3699-17F7-45DB-9799-957110FB3D2E}.Release|Any CPU.Build.0 = Release|Any CPU
		{EACD3699-17F7-45DB-9799-957110FB3D2E}.Release|iPhone.ActiveCfg = Release|Any CPU
		{EACD3699-17F7-45DB-9799-957110FB3D2E}.Release|iPhone.Build.0 = Release|Any CPU
		{EACD3699-17F7-45DB-9799-957110FB3D2E}.Release|iPhoneSimulator.ActiveCfg = Release|Any CPU
		{EACD3699-17F7-45DB-9799-957110FB3D2E}.Release|iPhoneSimulator.Build.0 = Release|Any CPU
		{AAB3FF36-9624-4AAC-B370-3520B0E2EF55}.Ad-Hoc|Any CPU.ActiveCfg = Release|Any CPU
		{AAB3FF36-9624-4AAC-B370-3520B0E2EF55}.Ad-Hoc|Any CPU.Build.0 = Release|Any CPU
		{AAB3FF36-9624-4AAC-B370-3520B0E2EF55}.Ad-Hoc|iPhone.ActiveCfg = Release|Any CPU
		{AAB3FF36-9624-4AAC-B370-3520B0E2EF55}.Ad-Hoc|iPhone.Build.0 = Release|Any CPU
		{AAB3FF36-9624-4AAC-B370-3520B0E2EF55}.Ad-Hoc|iPhoneSimulator.ActiveCfg = Release|Any CPU
		{AAB3FF36-9624-4AAC-B370-3520B0E2EF55}.Ad-Hoc|iPhoneSimulator.Build.0 = Release|Any CPU
		{AAB3FF36-9624-4AAC-B370-3520B0E2EF55}.AppStore|Any CPU.ActiveCfg = Release|Any CPU
		{AAB3FF36-9624-4AAC-B370-3520B0E2EF55}.AppStore|Any CPU.Build.0 = Release|Any CPU
		{AAB3FF36-9624-4AAC-B370-3520B0E2EF55}.AppStore|iPhone.ActiveCfg = Release|Any CPU
		{AAB3FF36-9624-4AAC-B370-3520B0E2EF55}.AppStore|iPhone.Build.0 = Release|Any CPU
		{AAB3FF36-9624-4AAC-B370-3520B0E2EF55}.AppStore|iPhoneSimulator.ActiveCfg = Release|Any CPU
		{AAB3FF36-9624-4AAC-B370-3520B0E2EF55}.AppStore|iPhoneSimulator.Build.0 = Release|Any CPU
		{AAB3FF36-9624-4AAC-B370-3520B0E2EF55}.Debug|Any CPU.ActiveCfg = Debug|Any CPU
		{AAB3FF36-9624-4AAC-B370-3520B0E2EF55}.Debug|Any CPU.Build.0 = Debug|Any CPU
		{AAB3FF36-9624-4AAC-B370-3520B0E2EF55}.Debug|iPhone.ActiveCfg = Debug|Any CPU
		{AAB3FF36-9624-4AAC-B370-3520B0E2EF55}.Debug|iPhone.Build.0 = Debug|Any CPU
		{AAB3FF36-9624-4AAC-B370-3520B0E2EF55}.Debug|iPhoneSimulator.ActiveCfg = Debug|Any CPU
		{AAB3FF36-9624-4AAC-B370-3520B0E2EF55}.Debug|iPhoneSimulator.Build.0 = Debug|Any CPU
		{AAB3FF36-9624-4AAC-B370-3520B0E2EF55}.Release|Any CPU.ActiveCfg = Release|Any CPU
		{AAB3FF36-9624-4AAC-B370-3520B0E2EF55}.Release|Any CPU.Build.0 = Release|Any CPU
		{AAB3FF36-9624-4AAC-B370-3520B0E2EF55}.Release|iPhone.ActiveCfg = Release|Any CPU
		{AAB3FF36-9624-4AAC-B370-3520B0E2EF55}.Release|iPhone.Build.0 = Release|Any CPU
		{AAB3FF36-9624-4AAC-B370-3520B0E2EF55}.Release|iPhoneSimulator.ActiveCfg = Release|Any CPU
		{AAB3FF36-9624-4AAC-B370-3520B0E2EF55}.Release|iPhoneSimulator.Build.0 = Release|Any CPU
		{948471D0-003D-47CB-88EE-22DEF174BD51}.Ad-Hoc|Any CPU.ActiveCfg = Release|Any CPU
		{948471D0-003D-47CB-88EE-22DEF174BD51}.Ad-Hoc|Any CPU.Build.0 = Release|Any CPU
		{948471D0-003D-47CB-88EE-22DEF174BD51}.Ad-Hoc|iPhone.ActiveCfg = Release|Any CPU
		{948471D0-003D-47CB-88EE-22DEF174BD51}.Ad-Hoc|iPhone.Build.0 = Release|Any CPU
		{948471D0-003D-47CB-88EE-22DEF174BD51}.Ad-Hoc|iPhoneSimulator.ActiveCfg = Release|Any CPU
		{948471D0-003D-47CB-88EE-22DEF174BD51}.Ad-Hoc|iPhoneSimulator.Build.0 = Release|Any CPU
		{948471D0-003D-47CB-88EE-22DEF174BD51}.AppStore|Any CPU.ActiveCfg = Release|Any CPU
		{948471D0-003D-47CB-88EE-22DEF174BD51}.AppStore|Any CPU.Build.0 = Release|Any CPU
		{948471D0-003D-47CB-88EE-22DEF174BD51}.AppStore|iPhone.ActiveCfg = Release|Any CPU
		{948471D0-003D-47CB-88EE-22DEF174BD51}.AppStore|iPhone.Build.0 = Release|Any CPU
		{948471D0-003D-47CB-88EE-22DEF174BD51}.AppStore|iPhoneSimulator.ActiveCfg = Release|Any CPU
		{948471D0-003D-47CB-88EE-22DEF174BD51}.AppStore|iPhoneSimulator.Build.0 = Release|Any CPU
		{948471D0-003D-47CB-88EE-22DEF174BD51}.Debug|Any CPU.ActiveCfg = Debug|Any CPU
		{948471D0-003D-47CB-88EE-22DEF174BD51}.Debug|Any CPU.Build.0 = Debug|Any CPU
		{948471D0-003D-47CB-88EE-22DEF174BD51}.Debug|iPhone.ActiveCfg = Debug|Any CPU
		{948471D0-003D-47CB-88EE-22DEF174BD51}.Debug|iPhone.Build.0 = Debug|Any CPU
		{948471D0-003D-47CB-88EE-22DEF174BD51}.Debug|iPhoneSimulator.ActiveCfg = Debug|Any CPU
		{948471D0-003D-47CB-88EE-22DEF174BD51}.Debug|iPhoneSimulator.Build.0 = Debug|Any CPU
		{948471D0-003D-47CB-88EE-22DEF174BD51}.Release|Any CPU.ActiveCfg = Release|Any CPU
		{948471D0-003D-47CB-88EE-22DEF174BD51}.Release|Any CPU.Build.0 = Release|Any CPU
		{948471D0-003D-47CB-88EE-22DEF174BD51}.Release|iPhone.ActiveCfg = Release|Any CPU
		{948471D0-003D-47CB-88EE-22DEF174BD51}.Release|iPhone.Build.0 = Release|Any CPU
		{948471D0-003D-47CB-88EE-22DEF174BD51}.Release|iPhoneSimulator.ActiveCfg = Release|Any CPU
		{948471D0-003D-47CB-88EE-22DEF174BD51}.Release|iPhoneSimulator.Build.0 = Release|Any CPU
		{91A997AC-DD01-4D54-AA65-4C43FA8EB10D}.Ad-Hoc|Any CPU.ActiveCfg = Release|Any CPU
		{91A997AC-DD01-4D54-AA65-4C43FA8EB10D}.Ad-Hoc|iPhone.ActiveCfg = Release|Any CPU
		{91A997AC-DD01-4D54-AA65-4C43FA8EB10D}.Ad-Hoc|iPhoneSimulator.ActiveCfg = Release|Any CPU
		{91A997AC-DD01-4D54-AA65-4C43FA8EB10D}.AppStore|Any CPU.ActiveCfg = Release|Any CPU
		{91A997AC-DD01-4D54-AA65-4C43FA8EB10D}.AppStore|iPhone.ActiveCfg = Release|Any CPU
		{91A997AC-DD01-4D54-AA65-4C43FA8EB10D}.AppStore|iPhoneSimulator.ActiveCfg = Release|Any CPU
		{91A997AC-DD01-4D54-AA65-4C43FA8EB10D}.Debug|Any CPU.ActiveCfg = Debug|Any CPU
		{91A997AC-DD01-4D54-AA65-4C43FA8EB10D}.Debug|Any CPU.Build.0 = Debug|Any CPU
		{91A997AC-DD01-4D54-AA65-4C43FA8EB10D}.Debug|iPhone.ActiveCfg = Debug|Any CPU
		{91A997AC-DD01-4D54-AA65-4C43FA8EB10D}.Debug|iPhoneSimulator.ActiveCfg = Debug|Any CPU
		{91A997AC-DD01-4D54-AA65-4C43FA8EB10D}.Release|Any CPU.ActiveCfg = Release|Any CPU
		{91A997AC-DD01-4D54-AA65-4C43FA8EB10D}.Release|Any CPU.Build.0 = Release|Any CPU
		{91A997AC-DD01-4D54-AA65-4C43FA8EB10D}.Release|iPhone.ActiveCfg = Release|Any CPU
		{91A997AC-DD01-4D54-AA65-4C43FA8EB10D}.Release|iPhoneSimulator.ActiveCfg = Release|Any CPU
		{6EAB60BA-695D-4FE1-A38F-104829439B8C}.Ad-Hoc|Any CPU.ActiveCfg = Release|Any CPU
		{6EAB60BA-695D-4FE1-A38F-104829439B8C}.Ad-Hoc|iPhone.ActiveCfg = Release|Any CPU
		{6EAB60BA-695D-4FE1-A38F-104829439B8C}.Ad-Hoc|iPhoneSimulator.ActiveCfg = Release|Any CPU
		{6EAB60BA-695D-4FE1-A38F-104829439B8C}.AppStore|Any CPU.ActiveCfg = Release|Any CPU
		{6EAB60BA-695D-4FE1-A38F-104829439B8C}.AppStore|iPhone.ActiveCfg = Release|Any CPU
		{6EAB60BA-695D-4FE1-A38F-104829439B8C}.AppStore|iPhoneSimulator.ActiveCfg = Release|Any CPU
		{6EAB60BA-695D-4FE1-A38F-104829439B8C}.Debug|Any CPU.ActiveCfg = Debug|Any CPU
		{6EAB60BA-695D-4FE1-A38F-104829439B8C}.Debug|Any CPU.Build.0 = Debug|Any CPU
		{6EAB60BA-695D-4FE1-A38F-104829439B8C}.Debug|iPhone.ActiveCfg = Debug|Any CPU
		{6EAB60BA-695D-4FE1-A38F-104829439B8C}.Debug|iPhoneSimulator.ActiveCfg = Debug|Any CPU
		{6EAB60BA-695D-4FE1-A38F-104829439B8C}.Release|Any CPU.ActiveCfg = Release|Any CPU
		{6EAB60BA-695D-4FE1-A38F-104829439B8C}.Release|Any CPU.Build.0 = Release|Any CPU
		{6EAB60BA-695D-4FE1-A38F-104829439B8C}.Release|iPhone.ActiveCfg = Release|Any CPU
		{6EAB60BA-695D-4FE1-A38F-104829439B8C}.Release|iPhoneSimulator.ActiveCfg = Release|Any CPU
		{DA764E73-66AC-4DF7-9C43-16E16ADC2D5B}.Ad-Hoc|Any CPU.ActiveCfg = Release|Any CPU
		{DA764E73-66AC-4DF7-9C43-16E16ADC2D5B}.Ad-Hoc|iPhone.ActiveCfg = Release|Any CPU
		{DA764E73-66AC-4DF7-9C43-16E16ADC2D5B}.Ad-Hoc|iPhoneSimulator.ActiveCfg = Release|Any CPU
		{DA764E73-66AC-4DF7-9C43-16E16ADC2D5B}.AppStore|Any CPU.ActiveCfg = Release|Any CPU
		{DA764E73-66AC-4DF7-9C43-16E16ADC2D5B}.AppStore|iPhone.ActiveCfg = Release|Any CPU
		{DA764E73-66AC-4DF7-9C43-16E16ADC2D5B}.AppStore|iPhoneSimulator.ActiveCfg = Release|Any CPU
		{DA764E73-66AC-4DF7-9C43-16E16ADC2D5B}.Debug|Any CPU.ActiveCfg = Debug|Any CPU
		{DA764E73-66AC-4DF7-9C43-16E16ADC2D5B}.Debug|Any CPU.Build.0 = Debug|Any CPU
		{DA764E73-66AC-4DF7-9C43-16E16ADC2D5B}.Debug|iPhone.ActiveCfg = Debug|Any CPU
		{DA764E73-66AC-4DF7-9C43-16E16ADC2D5B}.Debug|iPhoneSimulator.ActiveCfg = Debug|Any CPU
		{DA764E73-66AC-4DF7-9C43-16E16ADC2D5B}.Release|Any CPU.ActiveCfg = Release|Any CPU
		{DA764E73-66AC-4DF7-9C43-16E16ADC2D5B}.Release|Any CPU.Build.0 = Release|Any CPU
		{DA764E73-66AC-4DF7-9C43-16E16ADC2D5B}.Release|iPhone.ActiveCfg = Release|Any CPU
		{DA764E73-66AC-4DF7-9C43-16E16ADC2D5B}.Release|iPhoneSimulator.ActiveCfg = Release|Any CPU
		{0957F891-BA07-49A2-BF6A-9A18A03AA42E}.Ad-Hoc|Any CPU.ActiveCfg = Debug|Any CPU
		{0957F891-BA07-49A2-BF6A-9A18A03AA42E}.Ad-Hoc|Any CPU.Build.0 = Debug|Any CPU
		{0957F891-BA07-49A2-BF6A-9A18A03AA42E}.Ad-Hoc|iPhone.ActiveCfg = Debug|Any CPU
		{0957F891-BA07-49A2-BF6A-9A18A03AA42E}.Ad-Hoc|iPhone.Build.0 = Debug|Any CPU
		{0957F891-BA07-49A2-BF6A-9A18A03AA42E}.Ad-Hoc|iPhoneSimulator.ActiveCfg = Debug|Any CPU
		{0957F891-BA07-49A2-BF6A-9A18A03AA42E}.Ad-Hoc|iPhoneSimulator.Build.0 = Debug|Any CPU
		{0957F891-BA07-49A2-BF6A-9A18A03AA42E}.AppStore|Any CPU.ActiveCfg = Debug|Any CPU
		{0957F891-BA07-49A2-BF6A-9A18A03AA42E}.AppStore|Any CPU.Build.0 = Debug|Any CPU
		{0957F891-BA07-49A2-BF6A-9A18A03AA42E}.AppStore|iPhone.ActiveCfg = Debug|Any CPU
		{0957F891-BA07-49A2-BF6A-9A18A03AA42E}.AppStore|iPhone.Build.0 = Debug|Any CPU
		{0957F891-BA07-49A2-BF6A-9A18A03AA42E}.AppStore|iPhoneSimulator.ActiveCfg = Debug|Any CPU
		{0957F891-BA07-49A2-BF6A-9A18A03AA42E}.AppStore|iPhoneSimulator.Build.0 = Debug|Any CPU
		{0957F891-BA07-49A2-BF6A-9A18A03AA42E}.Debug|Any CPU.ActiveCfg = Debug|Any CPU
		{0957F891-BA07-49A2-BF6A-9A18A03AA42E}.Debug|Any CPU.Build.0 = Debug|Any CPU
		{0957F891-BA07-49A2-BF6A-9A18A03AA42E}.Debug|iPhone.ActiveCfg = Debug|Any CPU
		{0957F891-BA07-49A2-BF6A-9A18A03AA42E}.Debug|iPhone.Build.0 = Debug|Any CPU
		{0957F891-BA07-49A2-BF6A-9A18A03AA42E}.Debug|iPhoneSimulator.ActiveCfg = Debug|Any CPU
		{0957F891-BA07-49A2-BF6A-9A18A03AA42E}.Debug|iPhoneSimulator.Build.0 = Debug|Any CPU
		{0957F891-BA07-49A2-BF6A-9A18A03AA42E}.Release|Any CPU.ActiveCfg = Release|Any CPU
		{0957F891-BA07-49A2-BF6A-9A18A03AA42E}.Release|Any CPU.Build.0 = Release|Any CPU
		{0957F891-BA07-49A2-BF6A-9A18A03AA42E}.Release|iPhone.ActiveCfg = Release|Any CPU
		{0957F891-BA07-49A2-BF6A-9A18A03AA42E}.Release|iPhone.Build.0 = Release|Any CPU
		{0957F891-BA07-49A2-BF6A-9A18A03AA42E}.Release|iPhoneSimulator.ActiveCfg = Release|Any CPU
		{0957F891-BA07-49A2-BF6A-9A18A03AA42E}.Release|iPhoneSimulator.Build.0 = Release|Any CPU
		{ECFC3942-4089-4615-867B-AB410D57E9E5}.Ad-Hoc|Any CPU.ActiveCfg = Debug|Any CPU
		{ECFC3942-4089-4615-867B-AB410D57E9E5}.Ad-Hoc|Any CPU.Build.0 = Debug|Any CPU
		{ECFC3942-4089-4615-867B-AB410D57E9E5}.Ad-Hoc|iPhone.ActiveCfg = Debug|Any CPU
		{ECFC3942-4089-4615-867B-AB410D57E9E5}.Ad-Hoc|iPhone.Build.0 = Debug|Any CPU
		{ECFC3942-4089-4615-867B-AB410D57E9E5}.Ad-Hoc|iPhoneSimulator.ActiveCfg = Debug|Any CPU
		{ECFC3942-4089-4615-867B-AB410D57E9E5}.Ad-Hoc|iPhoneSimulator.Build.0 = Debug|Any CPU
		{ECFC3942-4089-4615-867B-AB410D57E9E5}.AppStore|Any CPU.ActiveCfg = Debug|Any CPU
		{ECFC3942-4089-4615-867B-AB410D57E9E5}.AppStore|Any CPU.Build.0 = Debug|Any CPU
		{ECFC3942-4089-4615-867B-AB410D57E9E5}.AppStore|iPhone.ActiveCfg = Debug|Any CPU
		{ECFC3942-4089-4615-867B-AB410D57E9E5}.AppStore|iPhone.Build.0 = Debug|Any CPU
		{ECFC3942-4089-4615-867B-AB410D57E9E5}.AppStore|iPhoneSimulator.ActiveCfg = Debug|Any CPU
		{ECFC3942-4089-4615-867B-AB410D57E9E5}.AppStore|iPhoneSimulator.Build.0 = Debug|Any CPU
		{ECFC3942-4089-4615-867B-AB410D57E9E5}.Debug|Any CPU.ActiveCfg = Debug|Any CPU
		{ECFC3942-4089-4615-867B-AB410D57E9E5}.Debug|Any CPU.Build.0 = Debug|Any CPU
		{ECFC3942-4089-4615-867B-AB410D57E9E5}.Debug|iPhone.ActiveCfg = Debug|Any CPU
		{ECFC3942-4089-4615-867B-AB410D57E9E5}.Debug|iPhone.Build.0 = Debug|Any CPU
		{ECFC3942-4089-4615-867B-AB410D57E9E5}.Debug|iPhoneSimulator.ActiveCfg = Debug|Any CPU
		{ECFC3942-4089-4615-867B-AB410D57E9E5}.Debug|iPhoneSimulator.Build.0 = Debug|Any CPU
		{ECFC3942-4089-4615-867B-AB410D57E9E5}.Release|Any CPU.ActiveCfg = Release|Any CPU
		{ECFC3942-4089-4615-867B-AB410D57E9E5}.Release|Any CPU.Build.0 = Release|Any CPU
		{ECFC3942-4089-4615-867B-AB410D57E9E5}.Release|iPhone.ActiveCfg = Release|Any CPU
		{ECFC3942-4089-4615-867B-AB410D57E9E5}.Release|iPhone.Build.0 = Release|Any CPU
		{ECFC3942-4089-4615-867B-AB410D57E9E5}.Release|iPhoneSimulator.ActiveCfg = Release|Any CPU
		{ECFC3942-4089-4615-867B-AB410D57E9E5}.Release|iPhoneSimulator.Build.0 = Release|Any CPU
		{AF4E5049-7054-4740-AAD0-8813BC621F16}.Ad-Hoc|Any CPU.ActiveCfg = Debug|Any CPU
		{AF4E5049-7054-4740-AAD0-8813BC621F16}.Ad-Hoc|Any CPU.Build.0 = Debug|Any CPU
		{AF4E5049-7054-4740-AAD0-8813BC621F16}.Ad-Hoc|iPhone.ActiveCfg = Debug|Any CPU
		{AF4E5049-7054-4740-AAD0-8813BC621F16}.Ad-Hoc|iPhone.Build.0 = Debug|Any CPU
		{AF4E5049-7054-4740-AAD0-8813BC621F16}.Ad-Hoc|iPhoneSimulator.ActiveCfg = Debug|Any CPU
		{AF4E5049-7054-4740-AAD0-8813BC621F16}.Ad-Hoc|iPhoneSimulator.Build.0 = Debug|Any CPU
		{AF4E5049-7054-4740-AAD0-8813BC621F16}.AppStore|Any CPU.ActiveCfg = Debug|Any CPU
		{AF4E5049-7054-4740-AAD0-8813BC621F16}.AppStore|Any CPU.Build.0 = Debug|Any CPU
		{AF4E5049-7054-4740-AAD0-8813BC621F16}.AppStore|iPhone.ActiveCfg = Debug|Any CPU
		{AF4E5049-7054-4740-AAD0-8813BC621F16}.AppStore|iPhone.Build.0 = Debug|Any CPU
		{AF4E5049-7054-4740-AAD0-8813BC621F16}.AppStore|iPhoneSimulator.ActiveCfg = Debug|Any CPU
		{AF4E5049-7054-4740-AAD0-8813BC621F16}.AppStore|iPhoneSimulator.Build.0 = Debug|Any CPU
		{AF4E5049-7054-4740-AAD0-8813BC621F16}.Debug|Any CPU.ActiveCfg = Debug|Any CPU
		{AF4E5049-7054-4740-AAD0-8813BC621F16}.Debug|Any CPU.Build.0 = Debug|Any CPU
		{AF4E5049-7054-4740-AAD0-8813BC621F16}.Debug|iPhone.ActiveCfg = Debug|Any CPU
		{AF4E5049-7054-4740-AAD0-8813BC621F16}.Debug|iPhone.Build.0 = Debug|Any CPU
		{AF4E5049-7054-4740-AAD0-8813BC621F16}.Debug|iPhoneSimulator.ActiveCfg = Debug|Any CPU
		{AF4E5049-7054-4740-AAD0-8813BC621F16}.Debug|iPhoneSimulator.Build.0 = Debug|Any CPU
		{AF4E5049-7054-4740-AAD0-8813BC621F16}.Release|Any CPU.ActiveCfg = Release|Any CPU
		{AF4E5049-7054-4740-AAD0-8813BC621F16}.Release|Any CPU.Build.0 = Release|Any CPU
		{AF4E5049-7054-4740-AAD0-8813BC621F16}.Release|iPhone.ActiveCfg = Release|Any CPU
		{AF4E5049-7054-4740-AAD0-8813BC621F16}.Release|iPhone.Build.0 = Release|Any CPU
		{AF4E5049-7054-4740-AAD0-8813BC621F16}.Release|iPhoneSimulator.ActiveCfg = Release|Any CPU
		{AF4E5049-7054-4740-AAD0-8813BC621F16}.Release|iPhoneSimulator.Build.0 = Release|Any CPU
		{A824CC4F-8120-4FFF-B2A7-4EF3FB1AC60D}.Ad-Hoc|Any CPU.ActiveCfg = Debug|Any CPU
		{A824CC4F-8120-4FFF-B2A7-4EF3FB1AC60D}.Ad-Hoc|Any CPU.Build.0 = Debug|Any CPU
		{A824CC4F-8120-4FFF-B2A7-4EF3FB1AC60D}.Ad-Hoc|iPhone.ActiveCfg = Debug|Any CPU
		{A824CC4F-8120-4FFF-B2A7-4EF3FB1AC60D}.Ad-Hoc|iPhone.Build.0 = Debug|Any CPU
		{A824CC4F-8120-4FFF-B2A7-4EF3FB1AC60D}.Ad-Hoc|iPhoneSimulator.ActiveCfg = Debug|Any CPU
		{A824CC4F-8120-4FFF-B2A7-4EF3FB1AC60D}.Ad-Hoc|iPhoneSimulator.Build.0 = Debug|Any CPU
		{A824CC4F-8120-4FFF-B2A7-4EF3FB1AC60D}.AppStore|Any CPU.ActiveCfg = Debug|Any CPU
		{A824CC4F-8120-4FFF-B2A7-4EF3FB1AC60D}.AppStore|Any CPU.Build.0 = Debug|Any CPU
		{A824CC4F-8120-4FFF-B2A7-4EF3FB1AC60D}.AppStore|iPhone.ActiveCfg = Debug|Any CPU
		{A824CC4F-8120-4FFF-B2A7-4EF3FB1AC60D}.AppStore|iPhone.Build.0 = Debug|Any CPU
		{A824CC4F-8120-4FFF-B2A7-4EF3FB1AC60D}.AppStore|iPhoneSimulator.ActiveCfg = Debug|Any CPU
		{A824CC4F-8120-4FFF-B2A7-4EF3FB1AC60D}.AppStore|iPhoneSimulator.Build.0 = Debug|Any CPU
		{A824CC4F-8120-4FFF-B2A7-4EF3FB1AC60D}.Debug|Any CPU.ActiveCfg = Debug|Any CPU
		{A824CC4F-8120-4FFF-B2A7-4EF3FB1AC60D}.Debug|Any CPU.Build.0 = Debug|Any CPU
		{A824CC4F-8120-4FFF-B2A7-4EF3FB1AC60D}.Debug|iPhone.ActiveCfg = Debug|Any CPU
		{A824CC4F-8120-4FFF-B2A7-4EF3FB1AC60D}.Debug|iPhone.Build.0 = Debug|Any CPU
		{A824CC4F-8120-4FFF-B2A7-4EF3FB1AC60D}.Debug|iPhoneSimulator.ActiveCfg = Debug|Any CPU
		{A824CC4F-8120-4FFF-B2A7-4EF3FB1AC60D}.Debug|iPhoneSimulator.Build.0 = Debug|Any CPU
		{A824CC4F-8120-4FFF-B2A7-4EF3FB1AC60D}.Release|Any CPU.ActiveCfg = Release|Any CPU
		{A824CC4F-8120-4FFF-B2A7-4EF3FB1AC60D}.Release|Any CPU.Build.0 = Release|Any CPU
		{A824CC4F-8120-4FFF-B2A7-4EF3FB1AC60D}.Release|iPhone.ActiveCfg = Release|Any CPU
		{A824CC4F-8120-4FFF-B2A7-4EF3FB1AC60D}.Release|iPhone.Build.0 = Release|Any CPU
		{A824CC4F-8120-4FFF-B2A7-4EF3FB1AC60D}.Release|iPhoneSimulator.ActiveCfg = Release|Any CPU
		{A824CC4F-8120-4FFF-B2A7-4EF3FB1AC60D}.Release|iPhoneSimulator.Build.0 = Release|Any CPU
		{839AC81F-25A2-480E-9B5D-8D460CDD7A9E}.Ad-Hoc|Any CPU.ActiveCfg = Debug|Any CPU
		{839AC81F-25A2-480E-9B5D-8D460CDD7A9E}.Ad-Hoc|Any CPU.Build.0 = Debug|Any CPU
		{839AC81F-25A2-480E-9B5D-8D460CDD7A9E}.Ad-Hoc|iPhone.ActiveCfg = Debug|Any CPU
		{839AC81F-25A2-480E-9B5D-8D460CDD7A9E}.Ad-Hoc|iPhone.Build.0 = Debug|Any CPU
		{839AC81F-25A2-480E-9B5D-8D460CDD7A9E}.Ad-Hoc|iPhoneSimulator.ActiveCfg = Debug|Any CPU
		{839AC81F-25A2-480E-9B5D-8D460CDD7A9E}.Ad-Hoc|iPhoneSimulator.Build.0 = Debug|Any CPU
		{839AC81F-25A2-480E-9B5D-8D460CDD7A9E}.AppStore|Any CPU.ActiveCfg = Debug|Any CPU
		{839AC81F-25A2-480E-9B5D-8D460CDD7A9E}.AppStore|Any CPU.Build.0 = Debug|Any CPU
		{839AC81F-25A2-480E-9B5D-8D460CDD7A9E}.AppStore|iPhone.ActiveCfg = Debug|Any CPU
		{839AC81F-25A2-480E-9B5D-8D460CDD7A9E}.AppStore|iPhone.Build.0 = Debug|Any CPU
		{839AC81F-25A2-480E-9B5D-8D460CDD7A9E}.AppStore|iPhoneSimulator.ActiveCfg = Debug|Any CPU
		{839AC81F-25A2-480E-9B5D-8D460CDD7A9E}.AppStore|iPhoneSimulator.Build.0 = Debug|Any CPU
		{839AC81F-25A2-480E-9B5D-8D460CDD7A9E}.Debug|Any CPU.ActiveCfg = Debug|Any CPU
		{839AC81F-25A2-480E-9B5D-8D460CDD7A9E}.Debug|Any CPU.Build.0 = Debug|Any CPU
		{839AC81F-25A2-480E-9B5D-8D460CDD7A9E}.Debug|iPhone.ActiveCfg = Debug|Any CPU
		{839AC81F-25A2-480E-9B5D-8D460CDD7A9E}.Debug|iPhone.Build.0 = Debug|Any CPU
		{839AC81F-25A2-480E-9B5D-8D460CDD7A9E}.Debug|iPhoneSimulator.ActiveCfg = Debug|Any CPU
		{839AC81F-25A2-480E-9B5D-8D460CDD7A9E}.Debug|iPhoneSimulator.Build.0 = Debug|Any CPU
		{839AC81F-25A2-480E-9B5D-8D460CDD7A9E}.Release|Any CPU.ActiveCfg = Release|Any CPU
		{839AC81F-25A2-480E-9B5D-8D460CDD7A9E}.Release|Any CPU.Build.0 = Release|Any CPU
		{839AC81F-25A2-480E-9B5D-8D460CDD7A9E}.Release|iPhone.ActiveCfg = Release|Any CPU
		{839AC81F-25A2-480E-9B5D-8D460CDD7A9E}.Release|iPhone.Build.0 = Release|Any CPU
		{839AC81F-25A2-480E-9B5D-8D460CDD7A9E}.Release|iPhoneSimulator.ActiveCfg = Release|Any CPU
		{839AC81F-25A2-480E-9B5D-8D460CDD7A9E}.Release|iPhoneSimulator.Build.0 = Release|Any CPU
		{23FC1EDD-55D0-48C2-96FC-046833879802}.Ad-Hoc|Any CPU.ActiveCfg = Debug|Any CPU
		{23FC1EDD-55D0-48C2-96FC-046833879802}.Ad-Hoc|Any CPU.Build.0 = Debug|Any CPU
		{23FC1EDD-55D0-48C2-96FC-046833879802}.Ad-Hoc|iPhone.ActiveCfg = Debug|Any CPU
		{23FC1EDD-55D0-48C2-96FC-046833879802}.Ad-Hoc|iPhone.Build.0 = Debug|Any CPU
		{23FC1EDD-55D0-48C2-96FC-046833879802}.Ad-Hoc|iPhoneSimulator.ActiveCfg = Debug|Any CPU
		{23FC1EDD-55D0-48C2-96FC-046833879802}.Ad-Hoc|iPhoneSimulator.Build.0 = Debug|Any CPU
		{23FC1EDD-55D0-48C2-96FC-046833879802}.AppStore|Any CPU.ActiveCfg = Debug|Any CPU
		{23FC1EDD-55D0-48C2-96FC-046833879802}.AppStore|Any CPU.Build.0 = Debug|Any CPU
		{23FC1EDD-55D0-48C2-96FC-046833879802}.AppStore|iPhone.ActiveCfg = Debug|Any CPU
		{23FC1EDD-55D0-48C2-96FC-046833879802}.AppStore|iPhone.Build.0 = Debug|Any CPU
		{23FC1EDD-55D0-48C2-96FC-046833879802}.AppStore|iPhoneSimulator.ActiveCfg = Debug|Any CPU
		{23FC1EDD-55D0-48C2-96FC-046833879802}.AppStore|iPhoneSimulator.Build.0 = Debug|Any CPU
		{23FC1EDD-55D0-48C2-96FC-046833879802}.Debug|Any CPU.ActiveCfg = Debug|Any CPU
		{23FC1EDD-55D0-48C2-96FC-046833879802}.Debug|Any CPU.Build.0 = Debug|Any CPU
		{23FC1EDD-55D0-48C2-96FC-046833879802}.Debug|iPhone.ActiveCfg = Debug|Any CPU
		{23FC1EDD-55D0-48C2-96FC-046833879802}.Debug|iPhone.Build.0 = Debug|Any CPU
		{23FC1EDD-55D0-48C2-96FC-046833879802}.Debug|iPhoneSimulator.ActiveCfg = Debug|Any CPU
		{23FC1EDD-55D0-48C2-96FC-046833879802}.Debug|iPhoneSimulator.Build.0 = Debug|Any CPU
		{23FC1EDD-55D0-48C2-96FC-046833879802}.Release|Any CPU.ActiveCfg = Release|Any CPU
		{23FC1EDD-55D0-48C2-96FC-046833879802}.Release|Any CPU.Build.0 = Release|Any CPU
		{23FC1EDD-55D0-48C2-96FC-046833879802}.Release|iPhone.ActiveCfg = Release|Any CPU
		{23FC1EDD-55D0-48C2-96FC-046833879802}.Release|iPhone.Build.0 = Release|Any CPU
		{23FC1EDD-55D0-48C2-96FC-046833879802}.Release|iPhoneSimulator.ActiveCfg = Release|Any CPU
		{23FC1EDD-55D0-48C2-96FC-046833879802}.Release|iPhoneSimulator.Build.0 = Release|Any CPU
		{C5A6D88F-C8F5-4D8E-BC21-A181BF094442}.Ad-Hoc|Any CPU.ActiveCfg = Debug|Any CPU
		{C5A6D88F-C8F5-4D8E-BC21-A181BF094442}.Ad-Hoc|Any CPU.Build.0 = Debug|Any CPU
		{C5A6D88F-C8F5-4D8E-BC21-A181BF094442}.Ad-Hoc|iPhone.ActiveCfg = Debug|Any CPU
		{C5A6D88F-C8F5-4D8E-BC21-A181BF094442}.Ad-Hoc|iPhone.Build.0 = Debug|Any CPU
		{C5A6D88F-C8F5-4D8E-BC21-A181BF094442}.Ad-Hoc|iPhoneSimulator.ActiveCfg = Debug|Any CPU
		{C5A6D88F-C8F5-4D8E-BC21-A181BF094442}.Ad-Hoc|iPhoneSimulator.Build.0 = Debug|Any CPU
		{C5A6D88F-C8F5-4D8E-BC21-A181BF094442}.AppStore|Any CPU.ActiveCfg = Debug|Any CPU
		{C5A6D88F-C8F5-4D8E-BC21-A181BF094442}.AppStore|Any CPU.Build.0 = Debug|Any CPU
		{C5A6D88F-C8F5-4D8E-BC21-A181BF094442}.AppStore|iPhone.ActiveCfg = Debug|Any CPU
		{C5A6D88F-C8F5-4D8E-BC21-A181BF094442}.AppStore|iPhone.Build.0 = Debug|Any CPU
		{C5A6D88F-C8F5-4D8E-BC21-A181BF094442}.AppStore|iPhoneSimulator.ActiveCfg = Debug|Any CPU
		{C5A6D88F-C8F5-4D8E-BC21-A181BF094442}.AppStore|iPhoneSimulator.Build.0 = Debug|Any CPU
		{C5A6D88F-C8F5-4D8E-BC21-A181BF094442}.Debug|Any CPU.ActiveCfg = Debug|Any CPU
		{C5A6D88F-C8F5-4D8E-BC21-A181BF094442}.Debug|Any CPU.Build.0 = Debug|Any CPU
		{C5A6D88F-C8F5-4D8E-BC21-A181BF094442}.Debug|iPhone.ActiveCfg = Debug|Any CPU
		{C5A6D88F-C8F5-4D8E-BC21-A181BF094442}.Debug|iPhone.Build.0 = Debug|Any CPU
		{C5A6D88F-C8F5-4D8E-BC21-A181BF094442}.Debug|iPhoneSimulator.ActiveCfg = Debug|Any CPU
		{C5A6D88F-C8F5-4D8E-BC21-A181BF094442}.Debug|iPhoneSimulator.Build.0 = Debug|Any CPU
		{C5A6D88F-C8F5-4D8E-BC21-A181BF094442}.Release|Any CPU.ActiveCfg = Release|Any CPU
		{C5A6D88F-C8F5-4D8E-BC21-A181BF094442}.Release|Any CPU.Build.0 = Release|Any CPU
		{C5A6D88F-C8F5-4D8E-BC21-A181BF094442}.Release|iPhone.ActiveCfg = Release|Any CPU
		{C5A6D88F-C8F5-4D8E-BC21-A181BF094442}.Release|iPhone.Build.0 = Release|Any CPU
		{C5A6D88F-C8F5-4D8E-BC21-A181BF094442}.Release|iPhoneSimulator.ActiveCfg = Release|Any CPU
		{C5A6D88F-C8F5-4D8E-BC21-A181BF094442}.Release|iPhoneSimulator.Build.0 = Release|Any CPU
		{2E76B2E6-5480-4034-A467-7D445ABD2B20}.Ad-Hoc|Any CPU.ActiveCfg = Debug|Any CPU
		{2E76B2E6-5480-4034-A467-7D445ABD2B20}.Ad-Hoc|Any CPU.Build.0 = Debug|Any CPU
		{2E76B2E6-5480-4034-A467-7D445ABD2B20}.Ad-Hoc|iPhone.ActiveCfg = Debug|Any CPU
		{2E76B2E6-5480-4034-A467-7D445ABD2B20}.Ad-Hoc|iPhone.Build.0 = Debug|Any CPU
		{2E76B2E6-5480-4034-A467-7D445ABD2B20}.Ad-Hoc|iPhoneSimulator.ActiveCfg = Debug|Any CPU
		{2E76B2E6-5480-4034-A467-7D445ABD2B20}.Ad-Hoc|iPhoneSimulator.Build.0 = Debug|Any CPU
		{2E76B2E6-5480-4034-A467-7D445ABD2B20}.AppStore|Any CPU.ActiveCfg = Debug|Any CPU
		{2E76B2E6-5480-4034-A467-7D445ABD2B20}.AppStore|Any CPU.Build.0 = Debug|Any CPU
		{2E76B2E6-5480-4034-A467-7D445ABD2B20}.AppStore|iPhone.ActiveCfg = Debug|Any CPU
		{2E76B2E6-5480-4034-A467-7D445ABD2B20}.AppStore|iPhone.Build.0 = Debug|Any CPU
		{2E76B2E6-5480-4034-A467-7D445ABD2B20}.AppStore|iPhoneSimulator.ActiveCfg = Debug|Any CPU
		{2E76B2E6-5480-4034-A467-7D445ABD2B20}.AppStore|iPhoneSimulator.Build.0 = Debug|Any CPU
		{2E76B2E6-5480-4034-A467-7D445ABD2B20}.Debug|Any CPU.ActiveCfg = Debug|Any CPU
		{2E76B2E6-5480-4034-A467-7D445ABD2B20}.Debug|Any CPU.Build.0 = Debug|Any CPU
		{2E76B2E6-5480-4034-A467-7D445ABD2B20}.Debug|iPhone.ActiveCfg = Debug|Any CPU
		{2E76B2E6-5480-4034-A467-7D445ABD2B20}.Debug|iPhone.Build.0 = Debug|Any CPU
		{2E76B2E6-5480-4034-A467-7D445ABD2B20}.Debug|iPhoneSimulator.ActiveCfg = Debug|Any CPU
		{2E76B2E6-5480-4034-A467-7D445ABD2B20}.Debug|iPhoneSimulator.Build.0 = Debug|Any CPU
		{2E76B2E6-5480-4034-A467-7D445ABD2B20}.Release|Any CPU.ActiveCfg = Release|Any CPU
		{2E76B2E6-5480-4034-A467-7D445ABD2B20}.Release|Any CPU.Build.0 = Release|Any CPU
		{2E76B2E6-5480-4034-A467-7D445ABD2B20}.Release|iPhone.ActiveCfg = Release|Any CPU
		{2E76B2E6-5480-4034-A467-7D445ABD2B20}.Release|iPhone.Build.0 = Release|Any CPU
		{2E76B2E6-5480-4034-A467-7D445ABD2B20}.Release|iPhoneSimulator.ActiveCfg = Release|Any CPU
		{2E76B2E6-5480-4034-A467-7D445ABD2B20}.Release|iPhoneSimulator.Build.0 = Release|Any CPU
		{F14F8E41-CFA3-44F4-8660-B69D6BDE6B40}.Ad-Hoc|Any CPU.ActiveCfg = Debug|Any CPU
		{F14F8E41-CFA3-44F4-8660-B69D6BDE6B40}.Ad-Hoc|Any CPU.Build.0 = Debug|Any CPU
		{F14F8E41-CFA3-44F4-8660-B69D6BDE6B40}.Ad-Hoc|iPhone.ActiveCfg = Debug|Any CPU
		{F14F8E41-CFA3-44F4-8660-B69D6BDE6B40}.Ad-Hoc|iPhone.Build.0 = Debug|Any CPU
		{F14F8E41-CFA3-44F4-8660-B69D6BDE6B40}.Ad-Hoc|iPhoneSimulator.ActiveCfg = Debug|Any CPU
		{F14F8E41-CFA3-44F4-8660-B69D6BDE6B40}.Ad-Hoc|iPhoneSimulator.Build.0 = Debug|Any CPU
		{F14F8E41-CFA3-44F4-8660-B69D6BDE6B40}.AppStore|Any CPU.ActiveCfg = Debug|Any CPU
		{F14F8E41-CFA3-44F4-8660-B69D6BDE6B40}.AppStore|Any CPU.Build.0 = Debug|Any CPU
		{F14F8E41-CFA3-44F4-8660-B69D6BDE6B40}.AppStore|iPhone.ActiveCfg = Debug|Any CPU
		{F14F8E41-CFA3-44F4-8660-B69D6BDE6B40}.AppStore|iPhone.Build.0 = Debug|Any CPU
		{F14F8E41-CFA3-44F4-8660-B69D6BDE6B40}.AppStore|iPhoneSimulator.ActiveCfg = Debug|Any CPU
		{F14F8E41-CFA3-44F4-8660-B69D6BDE6B40}.AppStore|iPhoneSimulator.Build.0 = Debug|Any CPU
		{F14F8E41-CFA3-44F4-8660-B69D6BDE6B40}.Debug|Any CPU.ActiveCfg = Debug|Any CPU
		{F14F8E41-CFA3-44F4-8660-B69D6BDE6B40}.Debug|Any CPU.Build.0 = Debug|Any CPU
		{F14F8E41-CFA3-44F4-8660-B69D6BDE6B40}.Debug|iPhone.ActiveCfg = Debug|Any CPU
		{F14F8E41-CFA3-44F4-8660-B69D6BDE6B40}.Debug|iPhone.Build.0 = Debug|Any CPU
		{F14F8E41-CFA3-44F4-8660-B69D6BDE6B40}.Debug|iPhoneSimulator.ActiveCfg = Debug|Any CPU
		{F14F8E41-CFA3-44F4-8660-B69D6BDE6B40}.Debug|iPhoneSimulator.Build.0 = Debug|Any CPU
		{F14F8E41-CFA3-44F4-8660-B69D6BDE6B40}.Release|Any CPU.ActiveCfg = Release|Any CPU
		{F14F8E41-CFA3-44F4-8660-B69D6BDE6B40}.Release|Any CPU.Build.0 = Release|Any CPU
		{F14F8E41-CFA3-44F4-8660-B69D6BDE6B40}.Release|iPhone.ActiveCfg = Release|Any CPU
		{F14F8E41-CFA3-44F4-8660-B69D6BDE6B40}.Release|iPhone.Build.0 = Release|Any CPU
		{F14F8E41-CFA3-44F4-8660-B69D6BDE6B40}.Release|iPhoneSimulator.ActiveCfg = Release|Any CPU
		{F14F8E41-CFA3-44F4-8660-B69D6BDE6B40}.Release|iPhoneSimulator.Build.0 = Release|Any CPU
		{A7ED6C64-5480-416F-A702-4AA559935027}.Ad-Hoc|Any CPU.ActiveCfg = Debug|Any CPU
		{A7ED6C64-5480-416F-A702-4AA559935027}.Ad-Hoc|Any CPU.Build.0 = Debug|Any CPU
		{A7ED6C64-5480-416F-A702-4AA559935027}.Ad-Hoc|iPhone.ActiveCfg = Debug|Any CPU
		{A7ED6C64-5480-416F-A702-4AA559935027}.Ad-Hoc|iPhone.Build.0 = Debug|Any CPU
		{A7ED6C64-5480-416F-A702-4AA559935027}.Ad-Hoc|iPhoneSimulator.ActiveCfg = Debug|Any CPU
		{A7ED6C64-5480-416F-A702-4AA559935027}.Ad-Hoc|iPhoneSimulator.Build.0 = Debug|Any CPU
		{A7ED6C64-5480-416F-A702-4AA559935027}.AppStore|Any CPU.ActiveCfg = Debug|Any CPU
		{A7ED6C64-5480-416F-A702-4AA559935027}.AppStore|Any CPU.Build.0 = Debug|Any CPU
		{A7ED6C64-5480-416F-A702-4AA559935027}.AppStore|iPhone.ActiveCfg = Debug|Any CPU
		{A7ED6C64-5480-416F-A702-4AA559935027}.AppStore|iPhone.Build.0 = Debug|Any CPU
		{A7ED6C64-5480-416F-A702-4AA559935027}.AppStore|iPhoneSimulator.ActiveCfg = Debug|Any CPU
		{A7ED6C64-5480-416F-A702-4AA559935027}.AppStore|iPhoneSimulator.Build.0 = Debug|Any CPU
		{A7ED6C64-5480-416F-A702-4AA559935027}.Debug|Any CPU.ActiveCfg = Debug|Any CPU
		{A7ED6C64-5480-416F-A702-4AA559935027}.Debug|Any CPU.Build.0 = Debug|Any CPU
		{A7ED6C64-5480-416F-A702-4AA559935027}.Debug|iPhone.ActiveCfg = Debug|Any CPU
		{A7ED6C64-5480-416F-A702-4AA559935027}.Debug|iPhone.Build.0 = Debug|Any CPU
		{A7ED6C64-5480-416F-A702-4AA559935027}.Debug|iPhoneSimulator.ActiveCfg = Debug|Any CPU
		{A7ED6C64-5480-416F-A702-4AA559935027}.Debug|iPhoneSimulator.Build.0 = Debug|Any CPU
		{A7ED6C64-5480-416F-A702-4AA559935027}.Release|Any CPU.ActiveCfg = Release|Any CPU
		{A7ED6C64-5480-416F-A702-4AA559935027}.Release|Any CPU.Build.0 = Release|Any CPU
		{A7ED6C64-5480-416F-A702-4AA559935027}.Release|iPhone.ActiveCfg = Release|Any CPU
		{A7ED6C64-5480-416F-A702-4AA559935027}.Release|iPhone.Build.0 = Release|Any CPU
		{A7ED6C64-5480-416F-A702-4AA559935027}.Release|iPhoneSimulator.ActiveCfg = Release|Any CPU
		{A7ED6C64-5480-416F-A702-4AA559935027}.Release|iPhoneSimulator.Build.0 = Release|Any CPU
		{C1BD1CB2-CA95-4992-B375-56E89DB57308}.Ad-Hoc|Any CPU.ActiveCfg = Debug|Any CPU
		{C1BD1CB2-CA95-4992-B375-56E89DB57308}.Ad-Hoc|Any CPU.Build.0 = Debug|Any CPU
		{C1BD1CB2-CA95-4992-B375-56E89DB57308}.Ad-Hoc|iPhone.ActiveCfg = Debug|Any CPU
		{C1BD1CB2-CA95-4992-B375-56E89DB57308}.Ad-Hoc|iPhone.Build.0 = Debug|Any CPU
		{C1BD1CB2-CA95-4992-B375-56E89DB57308}.Ad-Hoc|iPhoneSimulator.ActiveCfg = Debug|Any CPU
		{C1BD1CB2-CA95-4992-B375-56E89DB57308}.Ad-Hoc|iPhoneSimulator.Build.0 = Debug|Any CPU
		{C1BD1CB2-CA95-4992-B375-56E89DB57308}.AppStore|Any CPU.ActiveCfg = Debug|Any CPU
		{C1BD1CB2-CA95-4992-B375-56E89DB57308}.AppStore|Any CPU.Build.0 = Debug|Any CPU
		{C1BD1CB2-CA95-4992-B375-56E89DB57308}.AppStore|iPhone.ActiveCfg = Debug|Any CPU
		{C1BD1CB2-CA95-4992-B375-56E89DB57308}.AppStore|iPhone.Build.0 = Debug|Any CPU
		{C1BD1CB2-CA95-4992-B375-56E89DB57308}.AppStore|iPhoneSimulator.ActiveCfg = Debug|Any CPU
		{C1BD1CB2-CA95-4992-B375-56E89DB57308}.AppStore|iPhoneSimulator.Build.0 = Debug|Any CPU
		{C1BD1CB2-CA95-4992-B375-56E89DB57308}.Debug|Any CPU.ActiveCfg = Debug|Any CPU
		{C1BD1CB2-CA95-4992-B375-56E89DB57308}.Debug|Any CPU.Build.0 = Debug|Any CPU
		{C1BD1CB2-CA95-4992-B375-56E89DB57308}.Debug|iPhone.ActiveCfg = Debug|Any CPU
		{C1BD1CB2-CA95-4992-B375-56E89DB57308}.Debug|iPhone.Build.0 = Debug|Any CPU
		{C1BD1CB2-CA95-4992-B375-56E89DB57308}.Debug|iPhoneSimulator.ActiveCfg = Debug|Any CPU
		{C1BD1CB2-CA95-4992-B375-56E89DB57308}.Debug|iPhoneSimulator.Build.0 = Debug|Any CPU
		{C1BD1CB2-CA95-4992-B375-56E89DB57308}.Release|Any CPU.ActiveCfg = Release|Any CPU
		{C1BD1CB2-CA95-4992-B375-56E89DB57308}.Release|Any CPU.Build.0 = Release|Any CPU
		{C1BD1CB2-CA95-4992-B375-56E89DB57308}.Release|iPhone.ActiveCfg = Release|Any CPU
		{C1BD1CB2-CA95-4992-B375-56E89DB57308}.Release|iPhone.Build.0 = Release|Any CPU
		{C1BD1CB2-CA95-4992-B375-56E89DB57308}.Release|iPhoneSimulator.ActiveCfg = Release|Any CPU
		{C1BD1CB2-CA95-4992-B375-56E89DB57308}.Release|iPhoneSimulator.Build.0 = Release|Any CPU
		{6AA6F5B1-F317-47CF-A2BE-2DA320DC210A}.Ad-Hoc|Any CPU.ActiveCfg = Debug|Any CPU
		{6AA6F5B1-F317-47CF-A2BE-2DA320DC210A}.Ad-Hoc|Any CPU.Build.0 = Debug|Any CPU
		{6AA6F5B1-F317-47CF-A2BE-2DA320DC210A}.Ad-Hoc|iPhone.ActiveCfg = Debug|Any CPU
		{6AA6F5B1-F317-47CF-A2BE-2DA320DC210A}.Ad-Hoc|iPhone.Build.0 = Debug|Any CPU
		{6AA6F5B1-F317-47CF-A2BE-2DA320DC210A}.Ad-Hoc|iPhoneSimulator.ActiveCfg = Debug|Any CPU
		{6AA6F5B1-F317-47CF-A2BE-2DA320DC210A}.Ad-Hoc|iPhoneSimulator.Build.0 = Debug|Any CPU
		{6AA6F5B1-F317-47CF-A2BE-2DA320DC210A}.AppStore|Any CPU.ActiveCfg = Debug|Any CPU
		{6AA6F5B1-F317-47CF-A2BE-2DA320DC210A}.AppStore|Any CPU.Build.0 = Debug|Any CPU
		{6AA6F5B1-F317-47CF-A2BE-2DA320DC210A}.AppStore|iPhone.ActiveCfg = Debug|Any CPU
		{6AA6F5B1-F317-47CF-A2BE-2DA320DC210A}.AppStore|iPhone.Build.0 = Debug|Any CPU
		{6AA6F5B1-F317-47CF-A2BE-2DA320DC210A}.AppStore|iPhoneSimulator.ActiveCfg = Debug|Any CPU
		{6AA6F5B1-F317-47CF-A2BE-2DA320DC210A}.AppStore|iPhoneSimulator.Build.0 = Debug|Any CPU
		{6AA6F5B1-F317-47CF-A2BE-2DA320DC210A}.Debug|Any CPU.ActiveCfg = Debug|Any CPU
		{6AA6F5B1-F317-47CF-A2BE-2DA320DC210A}.Debug|Any CPU.Build.0 = Debug|Any CPU
		{6AA6F5B1-F317-47CF-A2BE-2DA320DC210A}.Debug|iPhone.ActiveCfg = Debug|Any CPU
		{6AA6F5B1-F317-47CF-A2BE-2DA320DC210A}.Debug|iPhone.Build.0 = Debug|Any CPU
		{6AA6F5B1-F317-47CF-A2BE-2DA320DC210A}.Debug|iPhoneSimulator.ActiveCfg = Debug|Any CPU
		{6AA6F5B1-F317-47CF-A2BE-2DA320DC210A}.Debug|iPhoneSimulator.Build.0 = Debug|Any CPU
		{6AA6F5B1-F317-47CF-A2BE-2DA320DC210A}.Release|Any CPU.ActiveCfg = Release|Any CPU
		{6AA6F5B1-F317-47CF-A2BE-2DA320DC210A}.Release|Any CPU.Build.0 = Release|Any CPU
		{6AA6F5B1-F317-47CF-A2BE-2DA320DC210A}.Release|iPhone.ActiveCfg = Release|Any CPU
		{6AA6F5B1-F317-47CF-A2BE-2DA320DC210A}.Release|iPhone.Build.0 = Release|Any CPU
		{6AA6F5B1-F317-47CF-A2BE-2DA320DC210A}.Release|iPhoneSimulator.ActiveCfg = Release|Any CPU
		{6AA6F5B1-F317-47CF-A2BE-2DA320DC210A}.Release|iPhoneSimulator.Build.0 = Release|Any CPU
		{2AF0B42D-F080-40C7-99C9-8F8BA44A0134}.Ad-Hoc|Any CPU.ActiveCfg = Debug|Any CPU
		{2AF0B42D-F080-40C7-99C9-8F8BA44A0134}.Ad-Hoc|Any CPU.Build.0 = Debug|Any CPU
		{2AF0B42D-F080-40C7-99C9-8F8BA44A0134}.Ad-Hoc|iPhone.ActiveCfg = Debug|Any CPU
		{2AF0B42D-F080-40C7-99C9-8F8BA44A0134}.Ad-Hoc|iPhone.Build.0 = Debug|Any CPU
		{2AF0B42D-F080-40C7-99C9-8F8BA44A0134}.Ad-Hoc|iPhoneSimulator.ActiveCfg = Debug|Any CPU
		{2AF0B42D-F080-40C7-99C9-8F8BA44A0134}.Ad-Hoc|iPhoneSimulator.Build.0 = Debug|Any CPU
		{2AF0B42D-F080-40C7-99C9-8F8BA44A0134}.AppStore|Any CPU.ActiveCfg = Debug|Any CPU
		{2AF0B42D-F080-40C7-99C9-8F8BA44A0134}.AppStore|Any CPU.Build.0 = Debug|Any CPU
		{2AF0B42D-F080-40C7-99C9-8F8BA44A0134}.AppStore|iPhone.ActiveCfg = Debug|Any CPU
		{2AF0B42D-F080-40C7-99C9-8F8BA44A0134}.AppStore|iPhone.Build.0 = Debug|Any CPU
		{2AF0B42D-F080-40C7-99C9-8F8BA44A0134}.AppStore|iPhoneSimulator.ActiveCfg = Debug|Any CPU
		{2AF0B42D-F080-40C7-99C9-8F8BA44A0134}.AppStore|iPhoneSimulator.Build.0 = Debug|Any CPU
		{2AF0B42D-F080-40C7-99C9-8F8BA44A0134}.Debug|Any CPU.ActiveCfg = Debug|Any CPU
		{2AF0B42D-F080-40C7-99C9-8F8BA44A0134}.Debug|Any CPU.Build.0 = Debug|Any CPU
		{2AF0B42D-F080-40C7-99C9-8F8BA44A0134}.Debug|iPhone.ActiveCfg = Debug|Any CPU
		{2AF0B42D-F080-40C7-99C9-8F8BA44A0134}.Debug|iPhone.Build.0 = Debug|Any CPU
		{2AF0B42D-F080-40C7-99C9-8F8BA44A0134}.Debug|iPhoneSimulator.ActiveCfg = Debug|Any CPU
		{2AF0B42D-F080-40C7-99C9-8F8BA44A0134}.Debug|iPhoneSimulator.Build.0 = Debug|Any CPU
		{2AF0B42D-F080-40C7-99C9-8F8BA44A0134}.Release|Any CPU.ActiveCfg = Release|Any CPU
		{2AF0B42D-F080-40C7-99C9-8F8BA44A0134}.Release|Any CPU.Build.0 = Release|Any CPU
		{2AF0B42D-F080-40C7-99C9-8F8BA44A0134}.Release|iPhone.ActiveCfg = Release|Any CPU
		{2AF0B42D-F080-40C7-99C9-8F8BA44A0134}.Release|iPhone.Build.0 = Release|Any CPU
		{2AF0B42D-F080-40C7-99C9-8F8BA44A0134}.Release|iPhoneSimulator.ActiveCfg = Release|Any CPU
		{2AF0B42D-F080-40C7-99C9-8F8BA44A0134}.Release|iPhoneSimulator.Build.0 = Release|Any CPU
		{EDAD01BC-236B-43C7-BB55-517CA536298A}.Ad-Hoc|Any CPU.ActiveCfg = Debug|Any CPU
		{EDAD01BC-236B-43C7-BB55-517CA536298A}.Ad-Hoc|Any CPU.Build.0 = Debug|Any CPU
		{EDAD01BC-236B-43C7-BB55-517CA536298A}.Ad-Hoc|iPhone.ActiveCfg = Debug|Any CPU
		{EDAD01BC-236B-43C7-BB55-517CA536298A}.Ad-Hoc|iPhone.Build.0 = Debug|Any CPU
		{EDAD01BC-236B-43C7-BB55-517CA536298A}.Ad-Hoc|iPhoneSimulator.ActiveCfg = Debug|Any CPU
		{EDAD01BC-236B-43C7-BB55-517CA536298A}.Ad-Hoc|iPhoneSimulator.Build.0 = Debug|Any CPU
		{EDAD01BC-236B-43C7-BB55-517CA536298A}.AppStore|Any CPU.ActiveCfg = Debug|Any CPU
		{EDAD01BC-236B-43C7-BB55-517CA536298A}.AppStore|Any CPU.Build.0 = Debug|Any CPU
		{EDAD01BC-236B-43C7-BB55-517CA536298A}.AppStore|iPhone.ActiveCfg = Debug|Any CPU
		{EDAD01BC-236B-43C7-BB55-517CA536298A}.AppStore|iPhone.Build.0 = Debug|Any CPU
		{EDAD01BC-236B-43C7-BB55-517CA536298A}.AppStore|iPhoneSimulator.ActiveCfg = Debug|Any CPU
		{EDAD01BC-236B-43C7-BB55-517CA536298A}.AppStore|iPhoneSimulator.Build.0 = Debug|Any CPU
		{EDAD01BC-236B-43C7-BB55-517CA536298A}.Debug|Any CPU.ActiveCfg = Debug|Any CPU
		{EDAD01BC-236B-43C7-BB55-517CA536298A}.Debug|Any CPU.Build.0 = Debug|Any CPU
		{EDAD01BC-236B-43C7-BB55-517CA536298A}.Debug|iPhone.ActiveCfg = Debug|Any CPU
		{EDAD01BC-236B-43C7-BB55-517CA536298A}.Debug|iPhone.Build.0 = Debug|Any CPU
		{EDAD01BC-236B-43C7-BB55-517CA536298A}.Debug|iPhoneSimulator.ActiveCfg = Debug|Any CPU
		{EDAD01BC-236B-43C7-BB55-517CA536298A}.Debug|iPhoneSimulator.Build.0 = Debug|Any CPU
		{EDAD01BC-236B-43C7-BB55-517CA536298A}.Release|Any CPU.ActiveCfg = Release|Any CPU
		{EDAD01BC-236B-43C7-BB55-517CA536298A}.Release|Any CPU.Build.0 = Release|Any CPU
		{EDAD01BC-236B-43C7-BB55-517CA536298A}.Release|iPhone.ActiveCfg = Release|Any CPU
		{EDAD01BC-236B-43C7-BB55-517CA536298A}.Release|iPhone.Build.0 = Release|Any CPU
		{EDAD01BC-236B-43C7-BB55-517CA536298A}.Release|iPhoneSimulator.ActiveCfg = Release|Any CPU
		{EDAD01BC-236B-43C7-BB55-517CA536298A}.Release|iPhoneSimulator.Build.0 = Release|Any CPU
		{12283B97-DB5F-41C2-83BA-EF3340A63CD9}.Ad-Hoc|Any CPU.ActiveCfg = Debug|Any CPU
		{12283B97-DB5F-41C2-83BA-EF3340A63CD9}.Ad-Hoc|Any CPU.Build.0 = Debug|Any CPU
		{12283B97-DB5F-41C2-83BA-EF3340A63CD9}.Ad-Hoc|iPhone.ActiveCfg = Debug|Any CPU
		{12283B97-DB5F-41C2-83BA-EF3340A63CD9}.Ad-Hoc|iPhone.Build.0 = Debug|Any CPU
		{12283B97-DB5F-41C2-83BA-EF3340A63CD9}.Ad-Hoc|iPhoneSimulator.ActiveCfg = Debug|Any CPU
		{12283B97-DB5F-41C2-83BA-EF3340A63CD9}.Ad-Hoc|iPhoneSimulator.Build.0 = Debug|Any CPU
		{12283B97-DB5F-41C2-83BA-EF3340A63CD9}.AppStore|Any CPU.ActiveCfg = Debug|Any CPU
		{12283B97-DB5F-41C2-83BA-EF3340A63CD9}.AppStore|Any CPU.Build.0 = Debug|Any CPU
		{12283B97-DB5F-41C2-83BA-EF3340A63CD9}.AppStore|iPhone.ActiveCfg = Debug|Any CPU
		{12283B97-DB5F-41C2-83BA-EF3340A63CD9}.AppStore|iPhone.Build.0 = Debug|Any CPU
		{12283B97-DB5F-41C2-83BA-EF3340A63CD9}.AppStore|iPhoneSimulator.ActiveCfg = Debug|Any CPU
		{12283B97-DB5F-41C2-83BA-EF3340A63CD9}.AppStore|iPhoneSimulator.Build.0 = Debug|Any CPU
		{12283B97-DB5F-41C2-83BA-EF3340A63CD9}.Debug|Any CPU.ActiveCfg = Debug|Any CPU
		{12283B97-DB5F-41C2-83BA-EF3340A63CD9}.Debug|Any CPU.Build.0 = Debug|Any CPU
		{12283B97-DB5F-41C2-83BA-EF3340A63CD9}.Debug|iPhone.ActiveCfg = Debug|Any CPU
		{12283B97-DB5F-41C2-83BA-EF3340A63CD9}.Debug|iPhone.Build.0 = Debug|Any CPU
		{12283B97-DB5F-41C2-83BA-EF3340A63CD9}.Debug|iPhoneSimulator.ActiveCfg = Debug|Any CPU
		{12283B97-DB5F-41C2-83BA-EF3340A63CD9}.Debug|iPhoneSimulator.Build.0 = Debug|Any CPU
		{12283B97-DB5F-41C2-83BA-EF3340A63CD9}.Release|Any CPU.ActiveCfg = Release|Any CPU
		{12283B97-DB5F-41C2-83BA-EF3340A63CD9}.Release|Any CPU.Build.0 = Release|Any CPU
		{12283B97-DB5F-41C2-83BA-EF3340A63CD9}.Release|iPhone.ActiveCfg = Release|Any CPU
		{12283B97-DB5F-41C2-83BA-EF3340A63CD9}.Release|iPhone.Build.0 = Release|Any CPU
		{12283B97-DB5F-41C2-83BA-EF3340A63CD9}.Release|iPhoneSimulator.ActiveCfg = Release|Any CPU
		{12283B97-DB5F-41C2-83BA-EF3340A63CD9}.Release|iPhoneSimulator.Build.0 = Release|Any CPU
		{7A282CCE-DDAE-4887-B266-6FEFCE55606F}.Ad-Hoc|Any CPU.ActiveCfg = Debug|Any CPU
		{7A282CCE-DDAE-4887-B266-6FEFCE55606F}.Ad-Hoc|Any CPU.Build.0 = Debug|Any CPU
		{7A282CCE-DDAE-4887-B266-6FEFCE55606F}.Ad-Hoc|iPhone.ActiveCfg = Debug|Any CPU
		{7A282CCE-DDAE-4887-B266-6FEFCE55606F}.Ad-Hoc|iPhone.Build.0 = Debug|Any CPU
		{7A282CCE-DDAE-4887-B266-6FEFCE55606F}.Ad-Hoc|iPhoneSimulator.ActiveCfg = Debug|Any CPU
		{7A282CCE-DDAE-4887-B266-6FEFCE55606F}.Ad-Hoc|iPhoneSimulator.Build.0 = Debug|Any CPU
		{7A282CCE-DDAE-4887-B266-6FEFCE55606F}.AppStore|Any CPU.ActiveCfg = Debug|Any CPU
		{7A282CCE-DDAE-4887-B266-6FEFCE55606F}.AppStore|Any CPU.Build.0 = Debug|Any CPU
		{7A282CCE-DDAE-4887-B266-6FEFCE55606F}.AppStore|iPhone.ActiveCfg = Debug|Any CPU
		{7A282CCE-DDAE-4887-B266-6FEFCE55606F}.AppStore|iPhone.Build.0 = Debug|Any CPU
		{7A282CCE-DDAE-4887-B266-6FEFCE55606F}.AppStore|iPhoneSimulator.ActiveCfg = Debug|Any CPU
		{7A282CCE-DDAE-4887-B266-6FEFCE55606F}.AppStore|iPhoneSimulator.Build.0 = Debug|Any CPU
		{7A282CCE-DDAE-4887-B266-6FEFCE55606F}.Debug|Any CPU.ActiveCfg = Debug|Any CPU
		{7A282CCE-DDAE-4887-B266-6FEFCE55606F}.Debug|Any CPU.Build.0 = Debug|Any CPU
		{7A282CCE-DDAE-4887-B266-6FEFCE55606F}.Debug|iPhone.ActiveCfg = Debug|Any CPU
		{7A282CCE-DDAE-4887-B266-6FEFCE55606F}.Debug|iPhone.Build.0 = Debug|Any CPU
		{7A282CCE-DDAE-4887-B266-6FEFCE55606F}.Debug|iPhoneSimulator.ActiveCfg = Debug|Any CPU
		{7A282CCE-DDAE-4887-B266-6FEFCE55606F}.Debug|iPhoneSimulator.Build.0 = Debug|Any CPU
		{7A282CCE-DDAE-4887-B266-6FEFCE55606F}.Release|Any CPU.ActiveCfg = Release|Any CPU
		{7A282CCE-DDAE-4887-B266-6FEFCE55606F}.Release|Any CPU.Build.0 = Release|Any CPU
		{7A282CCE-DDAE-4887-B266-6FEFCE55606F}.Release|iPhone.ActiveCfg = Release|Any CPU
		{7A282CCE-DDAE-4887-B266-6FEFCE55606F}.Release|iPhone.Build.0 = Release|Any CPU
		{7A282CCE-DDAE-4887-B266-6FEFCE55606F}.Release|iPhoneSimulator.ActiveCfg = Release|Any CPU
		{7A282CCE-DDAE-4887-B266-6FEFCE55606F}.Release|iPhoneSimulator.Build.0 = Release|Any CPU
		{8FDC58FA-23FD-41E1-936F-1F77712BCCBB}.Ad-Hoc|Any CPU.ActiveCfg = Debug|Any CPU
		{8FDC58FA-23FD-41E1-936F-1F77712BCCBB}.Ad-Hoc|Any CPU.Build.0 = Debug|Any CPU
		{8FDC58FA-23FD-41E1-936F-1F77712BCCBB}.Ad-Hoc|iPhone.ActiveCfg = Debug|Any CPU
		{8FDC58FA-23FD-41E1-936F-1F77712BCCBB}.Ad-Hoc|iPhone.Build.0 = Debug|Any CPU
		{8FDC58FA-23FD-41E1-936F-1F77712BCCBB}.Ad-Hoc|iPhoneSimulator.ActiveCfg = Debug|Any CPU
		{8FDC58FA-23FD-41E1-936F-1F77712BCCBB}.Ad-Hoc|iPhoneSimulator.Build.0 = Debug|Any CPU
		{8FDC58FA-23FD-41E1-936F-1F77712BCCBB}.AppStore|Any CPU.ActiveCfg = Debug|Any CPU
		{8FDC58FA-23FD-41E1-936F-1F77712BCCBB}.AppStore|Any CPU.Build.0 = Debug|Any CPU
		{8FDC58FA-23FD-41E1-936F-1F77712BCCBB}.AppStore|iPhone.ActiveCfg = Debug|Any CPU
		{8FDC58FA-23FD-41E1-936F-1F77712BCCBB}.AppStore|iPhone.Build.0 = Debug|Any CPU
		{8FDC58FA-23FD-41E1-936F-1F77712BCCBB}.AppStore|iPhoneSimulator.ActiveCfg = Debug|Any CPU
		{8FDC58FA-23FD-41E1-936F-1F77712BCCBB}.AppStore|iPhoneSimulator.Build.0 = Debug|Any CPU
		{8FDC58FA-23FD-41E1-936F-1F77712BCCBB}.Debug|Any CPU.ActiveCfg = Debug|Any CPU
		{8FDC58FA-23FD-41E1-936F-1F77712BCCBB}.Debug|Any CPU.Build.0 = Debug|Any CPU
		{8FDC58FA-23FD-41E1-936F-1F77712BCCBB}.Debug|iPhone.ActiveCfg = Debug|Any CPU
		{8FDC58FA-23FD-41E1-936F-1F77712BCCBB}.Debug|iPhone.Build.0 = Debug|Any CPU
		{8FDC58FA-23FD-41E1-936F-1F77712BCCBB}.Debug|iPhoneSimulator.ActiveCfg = Debug|Any CPU
		{8FDC58FA-23FD-41E1-936F-1F77712BCCBB}.Debug|iPhoneSimulator.Build.0 = Debug|Any CPU
		{8FDC58FA-23FD-41E1-936F-1F77712BCCBB}.Release|Any CPU.ActiveCfg = Release|Any CPU
		{8FDC58FA-23FD-41E1-936F-1F77712BCCBB}.Release|Any CPU.Build.0 = Release|Any CPU
		{8FDC58FA-23FD-41E1-936F-1F77712BCCBB}.Release|iPhone.ActiveCfg = Release|Any CPU
		{8FDC58FA-23FD-41E1-936F-1F77712BCCBB}.Release|iPhone.Build.0 = Release|Any CPU
		{8FDC58FA-23FD-41E1-936F-1F77712BCCBB}.Release|iPhoneSimulator.ActiveCfg = Release|Any CPU
		{8FDC58FA-23FD-41E1-936F-1F77712BCCBB}.Release|iPhoneSimulator.Build.0 = Release|Any CPU
		{38B7AE7F-24BC-4551-806F-E0926D9067ED}.Ad-Hoc|Any CPU.ActiveCfg = Debug|Any CPU
		{38B7AE7F-24BC-4551-806F-E0926D9067ED}.Ad-Hoc|Any CPU.Build.0 = Debug|Any CPU
		{38B7AE7F-24BC-4551-806F-E0926D9067ED}.Ad-Hoc|iPhone.ActiveCfg = Debug|Any CPU
		{38B7AE7F-24BC-4551-806F-E0926D9067ED}.Ad-Hoc|iPhone.Build.0 = Debug|Any CPU
		{38B7AE7F-24BC-4551-806F-E0926D9067ED}.Ad-Hoc|iPhoneSimulator.ActiveCfg = Debug|Any CPU
		{38B7AE7F-24BC-4551-806F-E0926D9067ED}.Ad-Hoc|iPhoneSimulator.Build.0 = Debug|Any CPU
		{38B7AE7F-24BC-4551-806F-E0926D9067ED}.AppStore|Any CPU.ActiveCfg = Debug|Any CPU
		{38B7AE7F-24BC-4551-806F-E0926D9067ED}.AppStore|Any CPU.Build.0 = Debug|Any CPU
		{38B7AE7F-24BC-4551-806F-E0926D9067ED}.AppStore|iPhone.ActiveCfg = Debug|Any CPU
		{38B7AE7F-24BC-4551-806F-E0926D9067ED}.AppStore|iPhone.Build.0 = Debug|Any CPU
		{38B7AE7F-24BC-4551-806F-E0926D9067ED}.AppStore|iPhoneSimulator.ActiveCfg = Debug|Any CPU
		{38B7AE7F-24BC-4551-806F-E0926D9067ED}.AppStore|iPhoneSimulator.Build.0 = Debug|Any CPU
		{38B7AE7F-24BC-4551-806F-E0926D9067ED}.Debug|Any CPU.ActiveCfg = Debug|Any CPU
		{38B7AE7F-24BC-4551-806F-E0926D9067ED}.Debug|Any CPU.Build.0 = Debug|Any CPU
		{38B7AE7F-24BC-4551-806F-E0926D9067ED}.Debug|iPhone.ActiveCfg = Debug|Any CPU
		{38B7AE7F-24BC-4551-806F-E0926D9067ED}.Debug|iPhone.Build.0 = Debug|Any CPU
		{38B7AE7F-24BC-4551-806F-E0926D9067ED}.Debug|iPhoneSimulator.ActiveCfg = Debug|Any CPU
		{38B7AE7F-24BC-4551-806F-E0926D9067ED}.Debug|iPhoneSimulator.Build.0 = Debug|Any CPU
		{38B7AE7F-24BC-4551-806F-E0926D9067ED}.Release|Any CPU.ActiveCfg = Release|Any CPU
		{38B7AE7F-24BC-4551-806F-E0926D9067ED}.Release|Any CPU.Build.0 = Release|Any CPU
		{38B7AE7F-24BC-4551-806F-E0926D9067ED}.Release|iPhone.ActiveCfg = Release|Any CPU
		{38B7AE7F-24BC-4551-806F-E0926D9067ED}.Release|iPhone.Build.0 = Release|Any CPU
		{38B7AE7F-24BC-4551-806F-E0926D9067ED}.Release|iPhoneSimulator.ActiveCfg = Release|Any CPU
		{38B7AE7F-24BC-4551-806F-E0926D9067ED}.Release|iPhoneSimulator.Build.0 = Release|Any CPU
		{4A6E7AD4-0055-4D13-8A89-EDBB900A2C21}.Ad-Hoc|Any CPU.ActiveCfg = Debug|Any CPU
		{4A6E7AD4-0055-4D13-8A89-EDBB900A2C21}.Ad-Hoc|Any CPU.Build.0 = Debug|Any CPU
		{4A6E7AD4-0055-4D13-8A89-EDBB900A2C21}.Ad-Hoc|iPhone.ActiveCfg = Debug|Any CPU
		{4A6E7AD4-0055-4D13-8A89-EDBB900A2C21}.Ad-Hoc|iPhone.Build.0 = Debug|Any CPU
		{4A6E7AD4-0055-4D13-8A89-EDBB900A2C21}.Ad-Hoc|iPhoneSimulator.ActiveCfg = Debug|Any CPU
		{4A6E7AD4-0055-4D13-8A89-EDBB900A2C21}.Ad-Hoc|iPhoneSimulator.Build.0 = Debug|Any CPU
		{4A6E7AD4-0055-4D13-8A89-EDBB900A2C21}.AppStore|Any CPU.ActiveCfg = Debug|Any CPU
		{4A6E7AD4-0055-4D13-8A89-EDBB900A2C21}.AppStore|Any CPU.Build.0 = Debug|Any CPU
		{4A6E7AD4-0055-4D13-8A89-EDBB900A2C21}.AppStore|iPhone.ActiveCfg = Debug|Any CPU
		{4A6E7AD4-0055-4D13-8A89-EDBB900A2C21}.AppStore|iPhone.Build.0 = Debug|Any CPU
		{4A6E7AD4-0055-4D13-8A89-EDBB900A2C21}.AppStore|iPhoneSimulator.ActiveCfg = Debug|Any CPU
		{4A6E7AD4-0055-4D13-8A89-EDBB900A2C21}.AppStore|iPhoneSimulator.Build.0 = Debug|Any CPU
		{4A6E7AD4-0055-4D13-8A89-EDBB900A2C21}.Debug|Any CPU.ActiveCfg = Debug|Any CPU
		{4A6E7AD4-0055-4D13-8A89-EDBB900A2C21}.Debug|Any CPU.Build.0 = Debug|Any CPU
		{4A6E7AD4-0055-4D13-8A89-EDBB900A2C21}.Debug|iPhone.ActiveCfg = Debug|Any CPU
		{4A6E7AD4-0055-4D13-8A89-EDBB900A2C21}.Debug|iPhone.Build.0 = Debug|Any CPU
		{4A6E7AD4-0055-4D13-8A89-EDBB900A2C21}.Debug|iPhoneSimulator.ActiveCfg = Debug|Any CPU
		{4A6E7AD4-0055-4D13-8A89-EDBB900A2C21}.Debug|iPhoneSimulator.Build.0 = Debug|Any CPU
		{4A6E7AD4-0055-4D13-8A89-EDBB900A2C21}.Release|Any CPU.ActiveCfg = Release|Any CPU
		{4A6E7AD4-0055-4D13-8A89-EDBB900A2C21}.Release|Any CPU.Build.0 = Release|Any CPU
		{4A6E7AD4-0055-4D13-8A89-EDBB900A2C21}.Release|iPhone.ActiveCfg = Release|Any CPU
		{4A6E7AD4-0055-4D13-8A89-EDBB900A2C21}.Release|iPhone.Build.0 = Release|Any CPU
		{4A6E7AD4-0055-4D13-8A89-EDBB900A2C21}.Release|iPhoneSimulator.ActiveCfg = Release|Any CPU
		{4A6E7AD4-0055-4D13-8A89-EDBB900A2C21}.Release|iPhoneSimulator.Build.0 = Release|Any CPU
		{09E692D0-7663-4205-95D5-AC7E5E5D1649}.Ad-Hoc|Any CPU.ActiveCfg = Debug|Any CPU
		{09E692D0-7663-4205-95D5-AC7E5E5D1649}.Ad-Hoc|Any CPU.Build.0 = Debug|Any CPU
		{09E692D0-7663-4205-95D5-AC7E5E5D1649}.Ad-Hoc|iPhone.ActiveCfg = Debug|Any CPU
		{09E692D0-7663-4205-95D5-AC7E5E5D1649}.Ad-Hoc|iPhone.Build.0 = Debug|Any CPU
		{09E692D0-7663-4205-95D5-AC7E5E5D1649}.Ad-Hoc|iPhoneSimulator.ActiveCfg = Debug|Any CPU
		{09E692D0-7663-4205-95D5-AC7E5E5D1649}.Ad-Hoc|iPhoneSimulator.Build.0 = Debug|Any CPU
		{09E692D0-7663-4205-95D5-AC7E5E5D1649}.AppStore|Any CPU.ActiveCfg = Debug|Any CPU
		{09E692D0-7663-4205-95D5-AC7E5E5D1649}.AppStore|Any CPU.Build.0 = Debug|Any CPU
		{09E692D0-7663-4205-95D5-AC7E5E5D1649}.AppStore|iPhone.ActiveCfg = Debug|Any CPU
		{09E692D0-7663-4205-95D5-AC7E5E5D1649}.AppStore|iPhone.Build.0 = Debug|Any CPU
		{09E692D0-7663-4205-95D5-AC7E5E5D1649}.AppStore|iPhoneSimulator.ActiveCfg = Debug|Any CPU
		{09E692D0-7663-4205-95D5-AC7E5E5D1649}.AppStore|iPhoneSimulator.Build.0 = Debug|Any CPU
		{09E692D0-7663-4205-95D5-AC7E5E5D1649}.Debug|Any CPU.ActiveCfg = Debug|Any CPU
		{09E692D0-7663-4205-95D5-AC7E5E5D1649}.Debug|Any CPU.Build.0 = Debug|Any CPU
		{09E692D0-7663-4205-95D5-AC7E5E5D1649}.Debug|iPhone.ActiveCfg = Debug|Any CPU
		{09E692D0-7663-4205-95D5-AC7E5E5D1649}.Debug|iPhone.Build.0 = Debug|Any CPU
		{09E692D0-7663-4205-95D5-AC7E5E5D1649}.Debug|iPhoneSimulator.ActiveCfg = Debug|Any CPU
		{09E692D0-7663-4205-95D5-AC7E5E5D1649}.Debug|iPhoneSimulator.Build.0 = Debug|Any CPU
		{09E692D0-7663-4205-95D5-AC7E5E5D1649}.Release|Any CPU.ActiveCfg = Release|Any CPU
		{09E692D0-7663-4205-95D5-AC7E5E5D1649}.Release|Any CPU.Build.0 = Release|Any CPU
		{09E692D0-7663-4205-95D5-AC7E5E5D1649}.Release|iPhone.ActiveCfg = Release|Any CPU
		{09E692D0-7663-4205-95D5-AC7E5E5D1649}.Release|iPhone.Build.0 = Release|Any CPU
		{09E692D0-7663-4205-95D5-AC7E5E5D1649}.Release|iPhoneSimulator.ActiveCfg = Release|Any CPU
		{09E692D0-7663-4205-95D5-AC7E5E5D1649}.Release|iPhoneSimulator.Build.0 = Release|Any CPU
		{C08AF059-B0A2-4B25-B35A-02C4095BB664}.Ad-Hoc|Any CPU.ActiveCfg = Debug|Any CPU
		{C08AF059-B0A2-4B25-B35A-02C4095BB664}.Ad-Hoc|Any CPU.Build.0 = Debug|Any CPU
		{C08AF059-B0A2-4B25-B35A-02C4095BB664}.Ad-Hoc|iPhone.ActiveCfg = Debug|Any CPU
		{C08AF059-B0A2-4B25-B35A-02C4095BB664}.Ad-Hoc|iPhone.Build.0 = Debug|Any CPU
		{C08AF059-B0A2-4B25-B35A-02C4095BB664}.Ad-Hoc|iPhoneSimulator.ActiveCfg = Debug|Any CPU
		{C08AF059-B0A2-4B25-B35A-02C4095BB664}.Ad-Hoc|iPhoneSimulator.Build.0 = Debug|Any CPU
		{C08AF059-B0A2-4B25-B35A-02C4095BB664}.AppStore|Any CPU.ActiveCfg = Debug|Any CPU
		{C08AF059-B0A2-4B25-B35A-02C4095BB664}.AppStore|Any CPU.Build.0 = Debug|Any CPU
		{C08AF059-B0A2-4B25-B35A-02C4095BB664}.AppStore|iPhone.ActiveCfg = Debug|Any CPU
		{C08AF059-B0A2-4B25-B35A-02C4095BB664}.AppStore|iPhone.Build.0 = Debug|Any CPU
		{C08AF059-B0A2-4B25-B35A-02C4095BB664}.AppStore|iPhoneSimulator.ActiveCfg = Debug|Any CPU
		{C08AF059-B0A2-4B25-B35A-02C4095BB664}.AppStore|iPhoneSimulator.Build.0 = Debug|Any CPU
		{C08AF059-B0A2-4B25-B35A-02C4095BB664}.Debug|Any CPU.ActiveCfg = Debug|Any CPU
		{C08AF059-B0A2-4B25-B35A-02C4095BB664}.Debug|Any CPU.Build.0 = Debug|Any CPU
		{C08AF059-B0A2-4B25-B35A-02C4095BB664}.Debug|iPhone.ActiveCfg = Debug|Any CPU
		{C08AF059-B0A2-4B25-B35A-02C4095BB664}.Debug|iPhone.Build.0 = Debug|Any CPU
		{C08AF059-B0A2-4B25-B35A-02C4095BB664}.Debug|iPhoneSimulator.ActiveCfg = Debug|Any CPU
		{C08AF059-B0A2-4B25-B35A-02C4095BB664}.Debug|iPhoneSimulator.Build.0 = Debug|Any CPU
		{C08AF059-B0A2-4B25-B35A-02C4095BB664}.Release|Any CPU.ActiveCfg = Release|Any CPU
		{C08AF059-B0A2-4B25-B35A-02C4095BB664}.Release|Any CPU.Build.0 = Release|Any CPU
		{C08AF059-B0A2-4B25-B35A-02C4095BB664}.Release|iPhone.ActiveCfg = Release|Any CPU
		{C08AF059-B0A2-4B25-B35A-02C4095BB664}.Release|iPhone.Build.0 = Release|Any CPU
		{C08AF059-B0A2-4B25-B35A-02C4095BB664}.Release|iPhoneSimulator.ActiveCfg = Release|Any CPU
		{C08AF059-B0A2-4B25-B35A-02C4095BB664}.Release|iPhoneSimulator.Build.0 = Release|Any CPU
	EndGlobalSection
	GlobalSection(SolutionProperties) = preSolution
		HideSolutionNode = FALSE
	EndGlobalSection
	GlobalSection(NestedProjects) = preSolution
		{AC32FECD-9645-4F34-B258-BA4927D11017} = {F72403D0-FC8E-461B-A4C1-10D33764B526}
		{7D536C35-D706-4B01-A222-D69A6E35A345} = {F72403D0-FC8E-461B-A4C1-10D33764B526}
		{B7B0E57A-B3F4-4AC1-985D-1B3CF43E51BE} = {F72403D0-FC8E-461B-A4C1-10D33764B526}
		{CF9BFA05-27B6-4FFB-BBA9-A46364A6089B} = {AF7BD2B2-8123-487D-AE0F-D257DF3BB863}
		{BAF3A8C2-E464-4BE0-83C4-6FAFD843C84F} = {AF7BD2B2-8123-487D-AE0F-D257DF3BB863}
		{6C7B66AE-623D-49BC-9243-38408233FE85} = {AF7BD2B2-8123-487D-AE0F-D257DF3BB863}
		{0300920B-7A89-4902-A0DF-A53B02D79062} = {B7B0E57A-B3F4-4AC1-985D-1B3CF43E51BE}
		{84980352-BBF3-4F08-9548-B4CCD4A6BE28} = {B7B0E57A-B3F4-4AC1-985D-1B3CF43E51BE}
		{C6926DDC-997D-465B-AE84-8FFB53450483} = {B7B0E57A-B3F4-4AC1-985D-1B3CF43E51BE}
		{4CFD03D4-5256-4960-A0FA-E7B61F8CA118} = {B7B0E57A-B3F4-4AC1-985D-1B3CF43E51BE}
		{7F7712DB-1226-49D6-926D-04C32BC2EDAF} = {B7B0E57A-B3F4-4AC1-985D-1B3CF43E51BE}
		{10BA828A-077C-4277-AB0F-7A7F4339834B} = {6C7B66AE-623D-49BC-9243-38408233FE85}
		{826F220F-F13E-4613-A558-DD31E05EDE9C} = {6C7B66AE-623D-49BC-9243-38408233FE85}
		{A8346D6A-689E-42C3-AAF7-85D64CAF5987} = {6C7B66AE-623D-49BC-9243-38408233FE85}
		{7178F629-91B0-419D-9BB8-7339BEC908C6} = {BAF3A8C2-E464-4BE0-83C4-6FAFD843C84F}
		{EACD3699-17F7-45DB-9799-957110FB3D2E} = {6C7B66AE-623D-49BC-9243-38408233FE85}
		{AAB3FF36-9624-4AAC-B370-3520B0E2EF55} = {6C7B66AE-623D-49BC-9243-38408233FE85}
		{F9CB787E-20BB-4739-96E6-DE536FDEA168} = {7D536C35-D706-4B01-A222-D69A6E35A345}
		{948471D0-003D-47CB-88EE-22DEF174BD51} = {B7B0E57A-B3F4-4AC1-985D-1B3CF43E51BE}
		{91A997AC-DD01-4D54-AA65-4C43FA8EB10D} = {AC32FECD-9645-4F34-B258-BA4927D11017}
		{6EAB60BA-695D-4FE1-A38F-104829439B8C} = {CF9BFA05-27B6-4FFB-BBA9-A46364A6089B}
		{DA764E73-66AC-4DF7-9C43-16E16ADC2D5B} = {AC32FECD-9645-4F34-B258-BA4927D11017}
		{0957F891-BA07-49A2-BF6A-9A18A03AA42E} = {F9CB787E-20BB-4739-96E6-DE536FDEA168}
		{B98A6C73-4DA8-44A2-B8A1-17A7EFAD74B0} = {7D536C35-D706-4B01-A222-D69A6E35A345}
		{28674543-8AA9-4B1A-B940-2ADAAFF5FD2B} = {BAF3A8C2-E464-4BE0-83C4-6FAFD843C84F}
		{ECFC3942-4089-4615-867B-AB410D57E9E5} = {28674543-8AA9-4B1A-B940-2ADAAFF5FD2B}
		{A6E3B758-2367-44CF-ACE1-FAD78F9FB3FC} = {7D536C35-D706-4B01-A222-D69A6E35A345}
		{AF4E5049-7054-4740-AAD0-8813BC621F16} = {A6E3B758-2367-44CF-ACE1-FAD78F9FB3FC}
		{A824CC4F-8120-4FFF-B2A7-4EF3FB1AC60D} = {B7B0E57A-B3F4-4AC1-985D-1B3CF43E51BE}
		{839AC81F-25A2-480E-9B5D-8D460CDD7A9E} = {F9CB787E-20BB-4739-96E6-DE536FDEA168}
		{23FC1EDD-55D0-48C2-96FC-046833879802} = {28674543-8AA9-4B1A-B940-2ADAAFF5FD2B}
		{64F424A3-0B8D-41CB-9022-A4833F8B0E91} = {AC32FECD-9645-4F34-B258-BA4927D11017}
		{4D9D815D-5A73-4226-95DE-1E1B03F7D35A} = {7D536C35-D706-4B01-A222-D69A6E35A345}
		{C5A6D88F-C8F5-4D8E-BC21-A181BF094442} = {4D9D815D-5A73-4226-95DE-1E1B03F7D35A}
		{56F17AE0-171E-43B8-AF27-05990C0CA09E} = {BAF3A8C2-E464-4BE0-83C4-6FAFD843C84F}
		{2E76B2E6-5480-4034-A467-7D445ABD2B20} = {56F17AE0-171E-43B8-AF27-05990C0CA09E}
		{F14F8E41-CFA3-44F4-8660-B69D6BDE6B40} = {4D9D815D-5A73-4226-95DE-1E1B03F7D35A}
		{A7ED6C64-5480-416F-A702-4AA559935027} = {4D9D815D-5A73-4226-95DE-1E1B03F7D35A}
		{C1BD1CB2-CA95-4992-B375-56E89DB57308} = {4D9D815D-5A73-4226-95DE-1E1B03F7D35A}
		{6AA6F5B1-F317-47CF-A2BE-2DA320DC210A} = {56F17AE0-171E-43B8-AF27-05990C0CA09E}
		{2AF0B42D-F080-40C7-99C9-8F8BA44A0134} = {4D9D815D-5A73-4226-95DE-1E1B03F7D35A}
		{EDAD01BC-236B-43C7-BB55-517CA536298A} = {B7B0E57A-B3F4-4AC1-985D-1B3CF43E51BE}
		{12283B97-DB5F-41C2-83BA-EF3340A63CD9} = {B7B0E57A-B3F4-4AC1-985D-1B3CF43E51BE}
		{7A282CCE-DDAE-4887-B266-6FEFCE55606F} = {6C7B66AE-623D-49BC-9243-38408233FE85}
		{8FDC58FA-23FD-41E1-936F-1F77712BCCBB} = {F9CB787E-20BB-4739-96E6-DE536FDEA168}
		{38B7AE7F-24BC-4551-806F-E0926D9067ED} = {F9CB787E-20BB-4739-96E6-DE536FDEA168}
		{4A6E7AD4-0055-4D13-8A89-EDBB900A2C21} = {28674543-8AA9-4B1A-B940-2ADAAFF5FD2B}
		{09E692D0-7663-4205-95D5-AC7E5E5D1649} = {BAF3A8C2-E464-4BE0-83C4-6FAFD843C84F}
		{C08AF059-B0A2-4B25-B35A-02C4095BB664} = {7D536C35-D706-4B01-A222-D69A6E35A345}
	EndGlobalSection
	GlobalSection(ExtensibilityGlobals) = postSolution
		SolutionGuid = {B101B830-3137-4BD2-9F53-46A6941B4601}
	EndGlobalSection
EndGlobal
