
Microsoft Visual Studio Solution File, Format Version 12.00
# Visual Studio 15
VisualStudioVersion = 15.0.26430.6
MinimumVisualStudioVersion = 10.0.40219.1
Project("{2150E333-8FDC-42A3-9474-1A3956D46DE8}") = "src", "src", "{F72403D0-FC8E-461B-A4C1-10D33764B526}"
EndProject
Project("{2150E333-8FDC-42A3-9474-1A3956D46DE8}") = "test", "test", "{AF7BD2B2-8123-487D-AE0F-D257DF3BB863}"
EndProject
Project("{2150E333-8FDC-42A3-9474-1A3956D46DE8}") = "clients", "clients", "{AC32FECD-9645-4F34-B258-BA4927D11017}"
EndProject
Project("{2150E333-8FDC-42A3-9474-1A3956D46DE8}") = "services", "services", "{7D536C35-D706-4B01-A222-D69A6E35A345}"
EndProject
Project("{2150E333-8FDC-42A3-9474-1A3956D46DE8}") = "tools", "tools", "{B7B0E57A-B3F4-4AC1-985D-1B3CF43E51BE}"
EndProject
Project("{2150E333-8FDC-42A3-9474-1A3956D46DE8}") = "clients", "clients", "{CF9BFA05-27B6-4FFB-BBA9-A46364A6089B}"
EndProject
Project("{2150E333-8FDC-42A3-9474-1A3956D46DE8}") = "services", "services", "{BAF3A8C2-E464-4BE0-83C4-6FAFD843C84F}"
EndProject
Project("{2150E333-8FDC-42A3-9474-1A3956D46DE8}") = "tools", "tools", "{6C7B66AE-623D-49BC-9243-38408233FE85}"
EndProject
Project("{9A19103F-16F7-4668-BE54-9A1E7A4F7556}") = "MedEasy.Validators", "src\tools\MedEasy.Validators\MedEasy.Validators.csproj", "{D5C54CA3-8801-4A51-8E7E-78377237615B}"
EndProject
Project("{9A19103F-16F7-4668-BE54-9A1E7A4F7556}") = "MedEasy.Commands", "src\tools\MedEasy.Commands\MedEasy.Commands.csproj", "{DD14CD16-C068-4B0A-AFD4-75B4E36D1037}"
EndProject
Project("{9A19103F-16F7-4668-BE54-9A1E7A4F7556}") = "MedEasy.DAL", "src\tools\MedEasy.DAL\MedEasy.DAL.csproj", "{0300920B-7A89-4902-A0DF-A53B02D79062}"
EndProject
Project("{9A19103F-16F7-4668-BE54-9A1E7A4F7556}") = "MedEasy.DTO", "src\tools\MedEasy.DTO\MedEasy.DTO.csproj", "{159CF2C9-F7AD-4AEE-AEA2-FD5A868BE5F1}"
EndProject
Project("{9A19103F-16F7-4668-BE54-9A1E7A4F7556}") = "MedEasy.Handlers", "src\tools\MedEasy.Handlers\MedEasy.Handlers.csproj", "{7DA84DD5-E00C-443D-BFE9-FF674CF60BB6}"
EndProject
Project("{9A19103F-16F7-4668-BE54-9A1E7A4F7556}") = "MedEasy.Handlers.Core", "src\tools\MedEasy.Handlers.Core\MedEasy.Handlers.Core.csproj", "{17278860-092E-4B77-A980-D416CB601A48}"
EndProject
Project("{9A19103F-16F7-4668-BE54-9A1E7A4F7556}") = "MedEasy.Mapping", "src\tools\MedEasy.Mapping\MedEasy.Mapping.csproj", "{4E7BC937-60BC-4DE5-B1C6-6919957A6CBA}"
EndProject
Project("{9A19103F-16F7-4668-BE54-9A1E7A4F7556}") = "MedEasy.Objects", "src\tools\MedEasy.Objects\MedEasy.Objects.csproj", "{84980352-BBF3-4F08-9548-B4CCD4A6BE28}"
EndProject
Project("{9A19103F-16F7-4668-BE54-9A1E7A4F7556}") = "MedEasy.Data", "src\tools\MedEasy.Data\MedEasy.Data.csproj", "{C6926DDC-997D-465B-AE84-8FFB53450483}"
EndProject
Project("{9A19103F-16F7-4668-BE54-9A1E7A4F7556}") = "MedEasy.RestObjects", "src\tools\MedEasy.RestObjects\MedEasy.RestObjects.csproj", "{4CFD03D4-5256-4960-A0FA-E7B61F8CA118}"
EndProject
Project("{9A19103F-16F7-4668-BE54-9A1E7A4F7556}") = "MedEasy.Tools", "src\tools\MedEasy.Tools\MedEasy.Tools.csproj", "{7F7712DB-1226-49D6-926D-04C32BC2EDAF}"
EndProject
Project("{9A19103F-16F7-4668-BE54-9A1E7A4F7556}") = "MedEasy.Queries", "src\tools\MedEasy.Queries\MedEasy.Queries.csproj", "{896825F5-FA02-43F0-8F1F-423EE046A601}"
EndProject
Project("{9A19103F-16F7-4668-BE54-9A1E7A4F7556}") = "MedEasy.Commands.Tests", "test\tools\MedEasy.Commands.Tests\MedEasy.Commands.Tests.csproj", "{7BDDAB65-31E0-437A-905E-E66BDEA79D86}"
EndProject
Project("{9A19103F-16F7-4668-BE54-9A1E7A4F7556}") = "MedEasy.DAL.Tests", "test\tools\MedEasy.DAL.Tests\MedEasy.DAL.Tests.csproj", "{10BA828A-077C-4277-AB0F-7A7F4339834B}"
EndProject
Project("{9A19103F-16F7-4668-BE54-9A1E7A4F7556}") = "MedEasy.Data.Tests", "test\tools\MedEasy.Data.Tests\MedEasy.Data.Tests.csproj", "{826F220F-F13E-4613-A558-DD31E05EDE9C}"
EndProject
Project("{9A19103F-16F7-4668-BE54-9A1E7A4F7556}") = "MedEasy.DTO.Tests", "test\tools\MedEasy.DTO.Tests\MedEasy.DTO.Tests.csproj", "{1DF06D7E-6B6D-49EE-AA82-2DA865138105}"
EndProject
Project("{9A19103F-16F7-4668-BE54-9A1E7A4F7556}") = "MedEasy.Handlers.Tests", "test\tools\MedEasy.Handlers.Tests\MedEasy.Handlers.Tests.csproj", "{D56C798A-188C-42C6-B3E1-F0DD26FF66A5}"
EndProject
Project("{9A19103F-16F7-4668-BE54-9A1E7A4F7556}") = "MedEasy.API", "src\services\MedEasy.API\MedEasy.API.csproj", "{29B897EB-B3CD-4563-80B3-9834B9C96E7B}"
EndProject
Project("{9A19103F-16F7-4668-BE54-9A1E7A4F7556}") = "MedEasy.Services", "src\tools\MedEasy.Services\MedEasy.Services.csproj", "{A7ACEF24-24DA-46E6-862F-43FA6384E7B3}"
EndProject
Project("{9A19103F-16F7-4668-BE54-9A1E7A4F7556}") = "MedEasy.Queries.Tests", "test\tools\MedEasy.Queries.Tests\MedEasy.Queries.Tests.csproj", "{5DBA27F4-1ADC-4974-8215-F1FAB5129EA0}"
EndProject
Project("{9A19103F-16F7-4668-BE54-9A1E7A4F7556}") = "MedEasy.RestObjects.Tests", "test\tools\MedEasy.RestObjects.Tests\MedEasy.RestObjects.Tests.csproj", "{A8346D6A-689E-42C3-AAF7-85D64CAF5987}"
EndProject
Project("{9A19103F-16F7-4668-BE54-9A1E7A4F7556}") = "MedEasy.Services.Tests", "test\tools\MedEasy.Services.Tests\MedEasy.Services.Tests.csproj", "{780A76B0-1A8F-4D34-B6B9-29A3AC7A71C9}"
EndProject
Project("{9A19103F-16F7-4668-BE54-9A1E7A4F7556}") = "MedEasy.API.Tests", "test\services\MedEasy.API.Tests\MedEasy.API.Tests.csproj", "{7178F629-91B0-419D-9BB8-7339BEC908C6}"
EndProject
Project("{9A19103F-16F7-4668-BE54-9A1E7A4F7556}") = "MedEasy.Tools.Tests", "test\tools\MedEasy.Tools.Tests\MedEasy.Tools.Tests.csproj", "{EACD3699-17F7-45DB-9799-957110FB3D2E}"
EndProject
Global
	GlobalSection(SolutionConfigurationPlatforms) = preSolution
		Debug|Any CPU = Debug|Any CPU
		Release|Any CPU = Release|Any CPU
	EndGlobalSection
	GlobalSection(ProjectConfigurationPlatforms) = postSolution
		{D5C54CA3-8801-4A51-8E7E-78377237615B}.Debug|Any CPU.ActiveCfg = Debug|Any CPU
		{D5C54CA3-8801-4A51-8E7E-78377237615B}.Debug|Any CPU.Build.0 = Debug|Any CPU
		{D5C54CA3-8801-4A51-8E7E-78377237615B}.Release|Any CPU.ActiveCfg = Release|Any CPU
		{D5C54CA3-8801-4A51-8E7E-78377237615B}.Release|Any CPU.Build.0 = Release|Any CPU
		{DD14CD16-C068-4B0A-AFD4-75B4E36D1037}.Debug|Any CPU.ActiveCfg = Debug|Any CPU
		{DD14CD16-C068-4B0A-AFD4-75B4E36D1037}.Debug|Any CPU.Build.0 = Debug|Any CPU
		{DD14CD16-C068-4B0A-AFD4-75B4E36D1037}.Release|Any CPU.ActiveCfg = Release|Any CPU
		{DD14CD16-C068-4B0A-AFD4-75B4E36D1037}.Release|Any CPU.Build.0 = Release|Any CPU
		{0300920B-7A89-4902-A0DF-A53B02D79062}.Debug|Any CPU.ActiveCfg = Debug|Any CPU
		{0300920B-7A89-4902-A0DF-A53B02D79062}.Debug|Any CPU.Build.0 = Debug|Any CPU
		{0300920B-7A89-4902-A0DF-A53B02D79062}.Release|Any CPU.ActiveCfg = Release|Any CPU
		{0300920B-7A89-4902-A0DF-A53B02D79062}.Release|Any CPU.Build.0 = Release|Any CPU
		{159CF2C9-F7AD-4AEE-AEA2-FD5A868BE5F1}.Debug|Any CPU.ActiveCfg = Debug|Any CPU
		{159CF2C9-F7AD-4AEE-AEA2-FD5A868BE5F1}.Debug|Any CPU.Build.0 = Debug|Any CPU
		{159CF2C9-F7AD-4AEE-AEA2-FD5A868BE5F1}.Release|Any CPU.ActiveCfg = Release|Any CPU
		{159CF2C9-F7AD-4AEE-AEA2-FD5A868BE5F1}.Release|Any CPU.Build.0 = Release|Any CPU
		{7DA84DD5-E00C-443D-BFE9-FF674CF60BB6}.Debug|Any CPU.ActiveCfg = Debug|Any CPU
		{7DA84DD5-E00C-443D-BFE9-FF674CF60BB6}.Debug|Any CPU.Build.0 = Debug|Any CPU
		{7DA84DD5-E00C-443D-BFE9-FF674CF60BB6}.Release|Any CPU.ActiveCfg = Release|Any CPU
		{7DA84DD5-E00C-443D-BFE9-FF674CF60BB6}.Release|Any CPU.Build.0 = Release|Any CPU
		{17278860-092E-4B77-A980-D416CB601A48}.Debug|Any CPU.ActiveCfg = Debug|Any CPU
		{17278860-092E-4B77-A980-D416CB601A48}.Debug|Any CPU.Build.0 = Debug|Any CPU
		{17278860-092E-4B77-A980-D416CB601A48}.Release|Any CPU.ActiveCfg = Release|Any CPU
		{17278860-092E-4B77-A980-D416CB601A48}.Release|Any CPU.Build.0 = Release|Any CPU
		{4E7BC937-60BC-4DE5-B1C6-6919957A6CBA}.Debug|Any CPU.ActiveCfg = Debug|Any CPU
		{4E7BC937-60BC-4DE5-B1C6-6919957A6CBA}.Debug|Any CPU.Build.0 = Debug|Any CPU
		{4E7BC937-60BC-4DE5-B1C6-6919957A6CBA}.Release|Any CPU.ActiveCfg = Release|Any CPU
		{4E7BC937-60BC-4DE5-B1C6-6919957A6CBA}.Release|Any CPU.Build.0 = Release|Any CPU
		{84980352-BBF3-4F08-9548-B4CCD4A6BE28}.Debug|Any CPU.ActiveCfg = Debug|Any CPU
		{84980352-BBF3-4F08-9548-B4CCD4A6BE28}.Debug|Any CPU.Build.0 = Debug|Any CPU
		{84980352-BBF3-4F08-9548-B4CCD4A6BE28}.Release|Any CPU.ActiveCfg = Release|Any CPU
		{84980352-BBF3-4F08-9548-B4CCD4A6BE28}.Release|Any CPU.Build.0 = Release|Any CPU
		{C6926DDC-997D-465B-AE84-8FFB53450483}.Debug|Any CPU.ActiveCfg = Debug|Any CPU
		{C6926DDC-997D-465B-AE84-8FFB53450483}.Debug|Any CPU.Build.0 = Debug|Any CPU
		{C6926DDC-997D-465B-AE84-8FFB53450483}.Release|Any CPU.ActiveCfg = Release|Any CPU
		{C6926DDC-997D-465B-AE84-8FFB53450483}.Release|Any CPU.Build.0 = Release|Any CPU
		{4CFD03D4-5256-4960-A0FA-E7B61F8CA118}.Debug|Any CPU.ActiveCfg = Debug|Any CPU
		{4CFD03D4-5256-4960-A0FA-E7B61F8CA118}.Debug|Any CPU.Build.0 = Debug|Any CPU
		{4CFD03D4-5256-4960-A0FA-E7B61F8CA118}.Release|Any CPU.ActiveCfg = Release|Any CPU
		{4CFD03D4-5256-4960-A0FA-E7B61F8CA118}.Release|Any CPU.Build.0 = Release|Any CPU
		{7F7712DB-1226-49D6-926D-04C32BC2EDAF}.Debug|Any CPU.ActiveCfg = Debug|Any CPU
		{7F7712DB-1226-49D6-926D-04C32BC2EDAF}.Debug|Any CPU.Build.0 = Debug|Any CPU
		{7F7712DB-1226-49D6-926D-04C32BC2EDAF}.Release|Any CPU.ActiveCfg = Release|Any CPU
		{7F7712DB-1226-49D6-926D-04C32BC2EDAF}.Release|Any CPU.Build.0 = Release|Any CPU
		{896825F5-FA02-43F0-8F1F-423EE046A601}.Debug|Any CPU.ActiveCfg = Debug|Any CPU
		{896825F5-FA02-43F0-8F1F-423EE046A601}.Debug|Any CPU.Build.0 = Debug|Any CPU
		{896825F5-FA02-43F0-8F1F-423EE046A601}.Release|Any CPU.ActiveCfg = Release|Any CPU
		{896825F5-FA02-43F0-8F1F-423EE046A601}.Release|Any CPU.Build.0 = Release|Any CPU
		{7BDDAB65-31E0-437A-905E-E66BDEA79D86}.Debug|Any CPU.ActiveCfg = Debug|Any CPU
		{7BDDAB65-31E0-437A-905E-E66BDEA79D86}.Debug|Any CPU.Build.0 = Debug|Any CPU
		{7BDDAB65-31E0-437A-905E-E66BDEA79D86}.Release|Any CPU.ActiveCfg = Release|Any CPU
		{7BDDAB65-31E0-437A-905E-E66BDEA79D86}.Release|Any CPU.Build.0 = Release|Any CPU
		{10BA828A-077C-4277-AB0F-7A7F4339834B}.Debug|Any CPU.ActiveCfg = Debug|Any CPU
		{10BA828A-077C-4277-AB0F-7A7F4339834B}.Debug|Any CPU.Build.0 = Debug|Any CPU
		{10BA828A-077C-4277-AB0F-7A7F4339834B}.Release|Any CPU.ActiveCfg = Release|Any CPU
		{10BA828A-077C-4277-AB0F-7A7F4339834B}.Release|Any CPU.Build.0 = Release|Any CPU
		{826F220F-F13E-4613-A558-DD31E05EDE9C}.Debug|Any CPU.ActiveCfg = Debug|Any CPU
		{826F220F-F13E-4613-A558-DD31E05EDE9C}.Debug|Any CPU.Build.0 = Debug|Any CPU
		{826F220F-F13E-4613-A558-DD31E05EDE9C}.Release|Any CPU.ActiveCfg = Release|Any CPU
		{826F220F-F13E-4613-A558-DD31E05EDE9C}.Release|Any CPU.Build.0 = Release|Any CPU
		{1DF06D7E-6B6D-49EE-AA82-2DA865138105}.Debug|Any CPU.ActiveCfg = Debug|Any CPU
		{1DF06D7E-6B6D-49EE-AA82-2DA865138105}.Debug|Any CPU.Build.0 = Debug|Any CPU
		{1DF06D7E-6B6D-49EE-AA82-2DA865138105}.Release|Any CPU.ActiveCfg = Release|Any CPU
		{1DF06D7E-6B6D-49EE-AA82-2DA865138105}.Release|Any CPU.Build.0 = Release|Any CPU
		{D56C798A-188C-42C6-B3E1-F0DD26FF66A5}.Debug|Any CPU.ActiveCfg = Debug|Any CPU
		{D56C798A-188C-42C6-B3E1-F0DD26FF66A5}.Debug|Any CPU.Build.0 = Debug|Any CPU
		{D56C798A-188C-42C6-B3E1-F0DD26FF66A5}.Release|Any CPU.ActiveCfg = Release|Any CPU
		{D56C798A-188C-42C6-B3E1-F0DD26FF66A5}.Release|Any CPU.Build.0 = Release|Any CPU
		{29B897EB-B3CD-4563-80B3-9834B9C96E7B}.Debug|Any CPU.ActiveCfg = Debug|Any CPU
		{29B897EB-B3CD-4563-80B3-9834B9C96E7B}.Debug|Any CPU.Build.0 = Debug|Any CPU
		{29B897EB-B3CD-4563-80B3-9834B9C96E7B}.Release|Any CPU.ActiveCfg = Release|Any CPU
		{29B897EB-B3CD-4563-80B3-9834B9C96E7B}.Release|Any CPU.Build.0 = Release|Any CPU
		{A7ACEF24-24DA-46E6-862F-43FA6384E7B3}.Debug|Any CPU.ActiveCfg = Debug|Any CPU
		{A7ACEF24-24DA-46E6-862F-43FA6384E7B3}.Debug|Any CPU.Build.0 = Debug|Any CPU
		{A7ACEF24-24DA-46E6-862F-43FA6384E7B3}.Release|Any CPU.ActiveCfg = Release|Any CPU
		{A7ACEF24-24DA-46E6-862F-43FA6384E7B3}.Release|Any CPU.Build.0 = Release|Any CPU
		{5DBA27F4-1ADC-4974-8215-F1FAB5129EA0}.Debug|Any CPU.ActiveCfg = Debug|Any CPU
		{5DBA27F4-1ADC-4974-8215-F1FAB5129EA0}.Debug|Any CPU.Build.0 = Debug|Any CPU
		{5DBA27F4-1ADC-4974-8215-F1FAB5129EA0}.Release|Any CPU.ActiveCfg = Release|Any CPU
		{5DBA27F4-1ADC-4974-8215-F1FAB5129EA0}.Release|Any CPU.Build.0 = Release|Any CPU
		{A8346D6A-689E-42C3-AAF7-85D64CAF5987}.Debug|Any CPU.ActiveCfg = Debug|Any CPU
		{A8346D6A-689E-42C3-AAF7-85D64CAF5987}.Debug|Any CPU.Build.0 = Debug|Any CPU
		{A8346D6A-689E-42C3-AAF7-85D64CAF5987}.Release|Any CPU.ActiveCfg = Release|Any CPU
		{A8346D6A-689E-42C3-AAF7-85D64CAF5987}.Release|Any CPU.Build.0 = Release|Any CPU
		{780A76B0-1A8F-4D34-B6B9-29A3AC7A71C9}.Debug|Any CPU.ActiveCfg = Debug|Any CPU
		{780A76B0-1A8F-4D34-B6B9-29A3AC7A71C9}.Debug|Any CPU.Build.0 = Debug|Any CPU
		{780A76B0-1A8F-4D34-B6B9-29A3AC7A71C9}.Release|Any CPU.ActiveCfg = Release|Any CPU
		{780A76B0-1A8F-4D34-B6B9-29A3AC7A71C9}.Release|Any CPU.Build.0 = Release|Any CPU
		{7178F629-91B0-419D-9BB8-7339BEC908C6}.Debug|Any CPU.ActiveCfg = Debug|Any CPU
		{7178F629-91B0-419D-9BB8-7339BEC908C6}.Debug|Any CPU.Build.0 = Debug|Any CPU
		{7178F629-91B0-419D-9BB8-7339BEC908C6}.Release|Any CPU.ActiveCfg = Release|Any CPU
		{7178F629-91B0-419D-9BB8-7339BEC908C6}.Release|Any CPU.Build.0 = Release|Any CPU
		{EACD3699-17F7-45DB-9799-957110FB3D2E}.Debug|Any CPU.ActiveCfg = Debug|Any CPU
		{EACD3699-17F7-45DB-9799-957110FB3D2E}.Debug|Any CPU.Build.0 = Debug|Any CPU
		{EACD3699-17F7-45DB-9799-957110FB3D2E}.Release|Any CPU.ActiveCfg = Release|Any CPU
		{EACD3699-17F7-45DB-9799-957110FB3D2E}.Release|Any CPU.Build.0 = Release|Any CPU
	EndGlobalSection
	GlobalSection(SolutionProperties) = preSolution
		HideSolutionNode = FALSE
	EndGlobalSection
	GlobalSection(NestedProjects) = preSolution
		{AC32FECD-9645-4F34-B258-BA4927D11017} = {F72403D0-FC8E-461B-A4C1-10D33764B526}
		{7D536C35-D706-4B01-A222-D69A6E35A345} = {F72403D0-FC8E-461B-A4C1-10D33764B526}
		{B7B0E57A-B3F4-4AC1-985D-1B3CF43E51BE} = {F72403D0-FC8E-461B-A4C1-10D33764B526}
		{CF9BFA05-27B6-4FFB-BBA9-A46364A6089B} = {AF7BD2B2-8123-487D-AE0F-D257DF3BB863}
		{BAF3A8C2-E464-4BE0-83C4-6FAFD843C84F} = {AF7BD2B2-8123-487D-AE0F-D257DF3BB863}
		{6C7B66AE-623D-49BC-9243-38408233FE85} = {AF7BD2B2-8123-487D-AE0F-D257DF3BB863}
		{D5C54CA3-8801-4A51-8E7E-78377237615B} = {B7B0E57A-B3F4-4AC1-985D-1B3CF43E51BE}
		{DD14CD16-C068-4B0A-AFD4-75B4E36D1037} = {B7B0E57A-B3F4-4AC1-985D-1B3CF43E51BE}
		{0300920B-7A89-4902-A0DF-A53B02D79062} = {B7B0E57A-B3F4-4AC1-985D-1B3CF43E51BE}
		{159CF2C9-F7AD-4AEE-AEA2-FD5A868BE5F1} = {B7B0E57A-B3F4-4AC1-985D-1B3CF43E51BE}
		{7DA84DD5-E00C-443D-BFE9-FF674CF60BB6} = {B7B0E57A-B3F4-4AC1-985D-1B3CF43E51BE}
		{17278860-092E-4B77-A980-D416CB601A48} = {B7B0E57A-B3F4-4AC1-985D-1B3CF43E51BE}
		{4E7BC937-60BC-4DE5-B1C6-6919957A6CBA} = {B7B0E57A-B3F4-4AC1-985D-1B3CF43E51BE}
		{84980352-BBF3-4F08-9548-B4CCD4A6BE28} = {B7B0E57A-B3F4-4AC1-985D-1B3CF43E51BE}
		{C6926DDC-997D-465B-AE84-8FFB53450483} = {B7B0E57A-B3F4-4AC1-985D-1B3CF43E51BE}
		{4CFD03D4-5256-4960-A0FA-E7B61F8CA118} = {B7B0E57A-B3F4-4AC1-985D-1B3CF43E51BE}
		{7F7712DB-1226-49D6-926D-04C32BC2EDAF} = {B7B0E57A-B3F4-4AC1-985D-1B3CF43E51BE}
		{896825F5-FA02-43F0-8F1F-423EE046A601} = {B7B0E57A-B3F4-4AC1-985D-1B3CF43E51BE}
		{7BDDAB65-31E0-437A-905E-E66BDEA79D86} = {6C7B66AE-623D-49BC-9243-38408233FE85}
		{10BA828A-077C-4277-AB0F-7A7F4339834B} = {6C7B66AE-623D-49BC-9243-38408233FE85}
		{826F220F-F13E-4613-A558-DD31E05EDE9C} = {6C7B66AE-623D-49BC-9243-38408233FE85}
		{1DF06D7E-6B6D-49EE-AA82-2DA865138105} = {6C7B66AE-623D-49BC-9243-38408233FE85}
		{D56C798A-188C-42C6-B3E1-F0DD26FF66A5} = {6C7B66AE-623D-49BC-9243-38408233FE85}
		{29B897EB-B3CD-4563-80B3-9834B9C96E7B} = {7D536C35-D706-4B01-A222-D69A6E35A345}
		{A7ACEF24-24DA-46E6-862F-43FA6384E7B3} = {B7B0E57A-B3F4-4AC1-985D-1B3CF43E51BE}
		{5DBA27F4-1ADC-4974-8215-F1FAB5129EA0} = {6C7B66AE-623D-49BC-9243-38408233FE85}
		{A8346D6A-689E-42C3-AAF7-85D64CAF5987} = {6C7B66AE-623D-49BC-9243-38408233FE85}
		{780A76B0-1A8F-4D34-B6B9-29A3AC7A71C9} = {6C7B66AE-623D-49BC-9243-38408233FE85}
		{7178F629-91B0-419D-9BB8-7339BEC908C6} = {BAF3A8C2-E464-4BE0-83C4-6FAFD843C84F}
		{EACD3699-17F7-45DB-9799-957110FB3D2E} = {6C7B66AE-623D-49BC-9243-38408233FE85}
	EndGlobalSection
EndGlobal
